// !$*UTF8*$!
{
	archiveVersion = 1;
	classes = {
	};
	objectVersion = 77;
	objects = {

/* Begin PBXBuildFile section */
		0171F6C5081C2EECB7F908EB /* EntitlementStore.swift in Sources */ = {isa = PBXBuildFile; fileRef = 8C43576DA5F4830719F1D4B2 /* EntitlementStore.swift */; };
		03AAF19030DEBB55B9F2E5DC /* ImagineRequest.swift in Sources */ = {isa = PBXBuildFile; fileRef = CC63731823E4E8FC114CA77A /* ImagineRequest.swift */; };
		0584325307549272B02E62A5 /* CameraRigAndHingeTests.swift in Sources */ = {isa = PBXBuildFile; fileRef = CCC8E3820E2BCCFD2E3B9EDC /* CameraRigAndHingeTests.swift */; };
		0791D52D925D519BE66EC83B /* DesignSession.swift in Sources */ = {isa = PBXBuildFile; fileRef = FF79B7D1456F0DA582C17BC4 /* DesignSession.swift */; };
		0A47D9F95735ADC015E9C8C4 /* FoldFormApp.swift in Sources */ = {isa = PBXBuildFile; fileRef = 3F550FBAA667571F33D3B4FA /* FoldFormApp.swift */; };
		10012E4376719BBB09246B2E /* DesignIntent.swift in Sources */ = {isa = PBXBuildFile; fileRef = 3942A725B387E6DA97ADAC38 /* DesignIntent.swift */; };
		10B2D951FDAAA18FF7C7AB4E /* CollisionManager.swift in Sources */ = {isa = PBXBuildFile; fileRef = 4D207059DDE619F895803C32 /* CollisionManager.swift */; };
		12AAE7D2EB65E929F0EE56C2 /* TouchUp.swift in Sources */ = {isa = PBXBuildFile; fileRef = D0A6ED0AD3512E2DFDB1D7B3 /* TouchUp.swift */; };
		12DA54ECF80FD8C95568FF43 /* AppleModelInterpreterTests.swift in Sources */ = {isa = PBXBuildFile; fileRef = D1C87AC268714C46DED83EB8 /* AppleModelInterpreterTests.swift */; };
		1313F7CDDC77313F3F1B795E /* FeatureGraph.swift in Sources */ = {isa = PBXBuildFile; fileRef = 8CAED009CEE3E8BCF16600FE /* FeatureGraph.swift */; };
		13D01C762EDF41CDF7109CB2 /* ViewCubeView.swift in Sources */ = {isa = PBXBuildFile; fileRef = EFBC8AC48297126DC140C155 /* ViewCubeView.swift */; };
		140083B06235DAC138DAAEC4 /* TemplatePicker.swift in Sources */ = {isa = PBXBuildFile; fileRef = 9AB0144689768360670F6378 /* TemplatePicker.swift */; };
		1467ABDFBA96815E036A7EC9 /* AppleModelInterpreter.swift in Sources */ = {isa = PBXBuildFile; fileRef = BBD0740ACED27EB9FD056683 /* AppleModelInterpreter.swift */; };
		1619FDC116B19CA97BCACD44 /* PolygonBridge.swift in Sources */ = {isa = PBXBuildFile; fileRef = 83E72063FA6F011F59BEA24D /* PolygonBridge.swift */; };
		173BAC6042C189CABB6F8DA2 /* DesignFinish.swift in Sources */ = {isa = PBXBuildFile; fileRef = 3E5495FDAC49B7EF7BB8759C /* DesignFinish.swift */; };
		1A37A6EE4F2A1AEEE3D83E88 /* GeometryBuilder.swift in Sources */ = {isa = PBXBuildFile; fileRef = BACD9BAD808B1D3CAE1AA4A2 /* GeometryBuilder.swift */; };
		1BD899928939CF74703C063C /* SpeechService.swift in Sources */ = {isa = PBXBuildFile; fileRef = 924453B596CAFAE3CA6AE91E /* SpeechService.swift */; };
		1C6F7936877E7495B5DC6F77 /* TouchUpTests.swift in Sources */ = {isa = PBXBuildFile; fileRef = 95DC9C78BD34694F04981823 /* TouchUpTests.swift */; };
		1D63D21E487546BD0DA0D963 /* GestureUITests.swift in Sources */ = {isa = PBXBuildFile; fileRef = 3ECE6955E309CC36AFF40563 /* GestureUITests.swift */; };
		20CFD45F020FE1B6C64217F5 /* MeshOps.swift in Sources */ = {isa = PBXBuildFile; fileRef = A5DA05545E493BB0B13134BF /* MeshOps.swift */; };
		245AA115F2AFE9D516F074A7 /* ImaginePromptDraft.swift in Sources */ = {isa = PBXBuildFile; fileRef = 263DED34011A6FE140277822 /* ImaginePromptDraft.swift */; };
		2523FE0160C60CA19E1AEA47 /* ViewportTransactionTests.swift in Sources */ = {isa = PBXBuildFile; fileRef = 253BCBDF97CA016910E804A1 /* ViewportTransactionTests.swift */; };
		286BAAF8AF5C09D79CA366C9 /* SketchDrawing.swift in Sources */ = {isa = PBXBuildFile; fileRef = 2D2962F4327A950F5A3151DE /* SketchDrawing.swift */; };
		2B88F85BB1C4E7AD7EE2F2FF /* SketchTests.swift in Sources */ = {isa = PBXBuildFile; fileRef = 6DA351278A6F987EE5CB705B /* SketchTests.swift */; };
		2BEC80F58307FAE3793AEA00 /* ReferenceSceneTests.swift in Sources */ = {isa = PBXBuildFile; fileRef = D4F11F5B1C567212259B8CFD /* ReferenceSceneTests.swift */; };
		2F55F0051C6B1E16F98CF7ED /* RealityViewport.swift in Sources */ = {isa = PBXBuildFile; fileRef = D3EA18AEAAE889D87C26F23C /* RealityViewport.swift */; };
		2FFCE0891AC2ECF18376B02E /* DemoCoordinator.swift in Sources */ = {isa = PBXBuildFile; fileRef = ECE2D978FFE6E17B082CFBCE /* DemoCoordinator.swift */; };
		3260259E100013507ED6DE2F /* CameraRig.swift in Sources */ = {isa = PBXBuildFile; fileRef = 673B227E73CC5C6052795E96 /* CameraRig.swift */; };
		33A25B14E5B897D390218D47 /* MeshCSG.swift in Sources */ = {isa = PBXBuildFile; fileRef = 9AE46B4AF3895C056BC130ED /* MeshCSG.swift */; };
		3444C1A7484E5C4859BA4C19 /* ImagineSessionTests.swift in Sources */ = {isa = PBXBuildFile; fileRef = 499EA0F19D629D9D23A5384E /* ImagineSessionTests.swift */; };
		353ABED2DD1E8FE191FD3A09 /* ShapeAnalysis.swift in Sources */ = {isa = PBXBuildFile; fileRef = 239C7A2C076BFC16C50A3CD8 /* ShapeAnalysis.swift */; };
		38CD4321EF46AFCA4C2190B5 /* KeychainStore.swift in Sources */ = {isa = PBXBuildFile; fileRef = 048DC88412C96875F47310B4 /* KeychainStore.swift */; };
		3A3CECF032AD07A0B0075CBC /* GeometryKernelTests.swift in Sources */ = {isa = PBXBuildFile; fileRef = 7C90E7879A08E3659B121147 /* GeometryKernelTests.swift */; };
		3A47DA894DC6C6D6C217D68C /* ReferenceGeometry.swift in Sources */ = {isa = PBXBuildFile; fileRef = C968755BF348F98FEFF0FAE1 /* ReferenceGeometry.swift */; };
		3CBCB1622BE1A57790EA48F6 /* SheetMetalCalculatorTests.swift in Sources */ = {isa = PBXBuildFile; fileRef = 83A3735345B6B4E3A4DF778A /* SheetMetalCalculatorTests.swift */; };
		3D18F40FB17343C77DE62C42 /* DesignSessionTests.swift in Sources */ = {isa = PBXBuildFile; fileRef = 285AD26BE3A1F7A1CA6A6F45 /* DesignSessionTests.swift */; };
		3D665B13E5E6672BCF473C1D /* OpenAIImagineClient.swift in Sources */ = {isa = PBXBuildFile; fileRef = AED818B079E34299290F8B6B /* OpenAIImagineClient.swift */; };
		3EF735B33553FCC3452424F0 /* DocumentResetTests.swift in Sources */ = {isa = PBXBuildFile; fileRef = C53BBB6E8D187D032E875107 /* DocumentResetTests.swift */; };
		43D5CE1779B2CF9E7291D403 /* CADActionExecutorTests.swift in Sources */ = {isa = PBXBuildFile; fileRef = 382CB0E78FEE6A0529126C88 /* CADActionExecutorTests.swift */; };
		43DC001C0838ACE298D60225 /* DesignLibraryTests.swift in Sources */ = {isa = PBXBuildFile; fileRef = B409AEF245FC877C66942CBA /* DesignLibraryTests.swift */; };
		4573A0AFB3C2B0100E7E125C /* MeshBlob.swift in Sources */ = {isa = PBXBuildFile; fileRef = 48CEF41A2E9E76B47A0DFD75 /* MeshBlob.swift */; };
		4BA77F4006CA53DFBAB78711 /* QuantityTests.swift in Sources */ = {isa = PBXBuildFile; fileRef = D04A21ECEB91DA8311167418 /* QuantityTests.swift */; };
		4BB494430A144D0CC9F72DAA /* SheetMetalCalculator.swift in Sources */ = {isa = PBXBuildFile; fileRef = 3AC84CD0AE6AEE3AEDA34A07 /* SheetMetalCalculator.swift */; };
		4EC79EF1CCCA6F7E26BFB173 /* ToolCatalogTests.swift in Sources */ = {isa = PBXBuildFile; fileRef = 4495F96F925962683A5A32CB /* ToolCatalogTests.swift */; };
		516F015FE4EC1F19CFDF7739 /* ModelExporterTests.swift in Sources */ = {isa = PBXBuildFile; fileRef = C9BD38E7D8E1EF452AD9AA8C /* ModelExporterTests.swift */; };
		51C7DA08E305C37B1EC8E4C5 /* DesignLibrary.swift in Sources */ = {isa = PBXBuildFile; fileRef = 99EB9DBD5284BF29A48AEA2C /* DesignLibrary.swift */; };
		52D954554FACA560B6A51456 /* HardcodedImagineGeneratorTests.swift in Sources */ = {isa = PBXBuildFile; fileRef = 1315EFFFE2AB8CF3985EA1FF /* HardcodedImagineGeneratorTests.swift */; };
		53B932EE0DAF388C927D268A /* ThumbnailRenderer.swift in Sources */ = {isa = PBXBuildFile; fileRef = 017CBC275625B6C7F947F257 /* ThumbnailRenderer.swift */; };
		54366E567C2211F6945E6084 /* AppModel.swift in Sources */ = {isa = PBXBuildFile; fileRef = 6C3B83C8D1FE5826F538BB30 /* AppModel.swift */; };
		58E958DC1A28A64A4BAC9C2F /* VoiceCommandSessionTests.swift in Sources */ = {isa = PBXBuildFile; fileRef = 7B7A72ED8F333A666387DD8D /* VoiceCommandSessionTests.swift */; };
		61AC6ADEFD123AC3A8D270A2 /* ModelExporter.swift in Sources */ = {isa = PBXBuildFile; fileRef = 0D24AB34F6BB9E8E3549DC4B /* ModelExporter.swift */; };
		62A2E70A047AE6ACD0376653 /* ControlPanelView.swift in Sources */ = {isa = PBXBuildFile; fileRef = 4D3CC71934481207E8AAF2CD /* ControlPanelView.swift */; };
		635DB44B2EA8838AF0ECE072 /* DesignLoadTests.swift in Sources */ = {isa = PBXBuildFile; fileRef = 8C3FF4EB14F91F6CC2070011 /* DesignLoadTests.swift */; };
		691B208138019081AF1BA365 /* SketchOverlayViews.swift in Sources */ = {isa = PBXBuildFile; fileRef = 26DBB8B9B15E8073CC0D9AD0 /* SketchOverlayViews.swift */; };
		6A81435FA99975CC9A077116 /* SubscriptionTests.swift in Sources */ = {isa = PBXBuildFile; fileRef = 96C5BB5F8D24612CE6D74856 /* SubscriptionTests.swift */; };
		6AEC4F2A712C3A1EE4E5EFF5 /* VersionTests.swift in Sources */ = {isa = PBXBuildFile; fileRef = 6A90A48628FDC5912E4EB357 /* VersionTests.swift */; };
		6D1502011463B5D30B0906E5 /* ImagineTests.swift in Sources */ = {isa = PBXBuildFile; fileRef = 99CEB104DB12BE915CD95C26 /* ImagineTests.swift */; };
		6D404EDABCB35F9104A831B6 /* AccountView.swift in Sources */ = {isa = PBXBuildFile; fileRef = 073ACFD9C7A5E55900C0B3F2 /* AccountView.swift */; };
		6E8BA45D3889850E49838405 /* DesignModels.swift in Sources */ = {isa = PBXBuildFile; fileRef = 173B4970CFF7CE031CCCE90D /* DesignModels.swift */; };
		6FCB1B8607E6FC2F239617A0 /* AppleSpeechResultRouter.swift in Sources */ = {isa = PBXBuildFile; fileRef = 8F3247A923E1BE829AFEFACB /* AppleSpeechResultRouter.swift */; };
		7075D96508B77071E936552E /* DesignStore.swift in Sources */ = {isa = PBXBuildFile; fileRef = 6F1F8AC3B2D5A5D86C8628BB /* DesignStore.swift */; };
		72959C1D9AB9DFBCB71EF748 /* ToolCatalog.swift in Sources */ = {isa = PBXBuildFile; fileRef = DF2FB87CC3A8DDB14CB5C421 /* ToolCatalog.swift */; };
		739B066684DACA7A6F424AC5 /* ShareView.swift in Sources */ = {isa = PBXBuildFile; fileRef = 4372436BD052ED973663401A /* ShareView.swift */; };
		742B37EABF98B07FE14E9459 /* FeatureRegenerationTests.swift in Sources */ = {isa = PBXBuildFile; fileRef = 3512F63241D2A4551329FC14 /* FeatureRegenerationTests.swift */; };
		7493FE8C67AB46E256297E7E /* CADSequenceTests.swift in Sources */ = {isa = PBXBuildFile; fileRef = 0A0AF2F11D863986A63629C8 /* CADSequenceTests.swift */; };
		752DA593F27CA61966EB20F8 /* FeatureOperations.swift in Sources */ = {isa = PBXBuildFile; fileRef = 7381A8D440D1E3DBC48E83FC /* FeatureOperations.swift */; };
		753F3747A815ABEA66AFB750 /* ImaginePlanValidator.swift in Sources */ = {isa = PBXBuildFile; fileRef = 6AD651866F7BE1357E1F8F22 /* ImaginePlanValidator.swift */; };
		76739142A255811E76F08F31 /* DesignCard.swift in Sources */ = {isa = PBXBuildFile; fileRef = A804C197EA20AA055E6C6A25 /* DesignCard.swift */; };
		785D745B15B2DBDB7AA6E8CA /* SketchModel.swift in Sources */ = {isa = PBXBuildFile; fileRef = 0D5D484828CB32FBA684AA6C /* SketchModel.swift */; };
		7A92F3786AAA3169EFBFD611 /* OpenAIImagineClientTests.swift in Sources */ = {isa = PBXBuildFile; fileRef = D1FAA606A9777E7791CC2D50 /* OpenAIImagineClientTests.swift */; };
		7CD7D52C471761F8387E0EC0 /* MeshFeatureSelection.swift in Sources */ = {isa = PBXBuildFile; fileRef = 1ACC5968464347C6783D2132 /* MeshFeatureSelection.swift */; };
		817B32530C476158FF099E62 /* FolderBar.swift in Sources */ = {isa = PBXBuildFile; fileRef = 3F69E6D0BD0F846C9533DD00 /* FolderBar.swift */; };
		837A0B9D3AAE40F36C93D23F /* SelectionFilletTests.swift in Sources */ = {isa = PBXBuildFile; fileRef = 1703E8F1B6E734C00AF09EB6 /* SelectionFilletTests.swift */; };
		86762E11B22614CD8DC1F7E7 /* MeshFillet.swift in Sources */ = {isa = PBXBuildFile; fileRef = 8194041D83E7A1A76C4B1F60 /* MeshFillet.swift */; };
		88144672E156557F4F4CE534 /* VoiceCaptionView.swift in Sources */ = {isa = PBXBuildFile; fileRef = E955E26617A257E5ACF6B904 /* VoiceCaptionView.swift */; };
		893F0A1405AB8789FBCD8B2B /* SketchDrawingTests.swift in Sources */ = {isa = PBXBuildFile; fileRef = 57D7BE9FACB246F74C488B14 /* SketchDrawingTests.swift */; };
		89A18CAE9F69F5A39C8D7471 /* BendDeformer.swift in Sources */ = {isa = PBXBuildFile; fileRef = F9F21AB77A5E9A42935A4C3B /* BendDeformer.swift */; };
		8A5ABB2948951943696F4DA0 /* ThumbnailRendererTests.swift in Sources */ = {isa = PBXBuildFile; fileRef = 5D9B4417D7971BD1E50406C7 /* ThumbnailRendererTests.swift */; };
		8CC4A1A81A3FCC95B71BE874 /* ImagineDictationTests.swift in Sources */ = {isa = PBXBuildFile; fileRef = 7696007ADD4A4D8DD6154E0A /* ImagineDictationTests.swift */; };
		8D092F7382A80597BC59ED04 /* GeometryKernel.swift in Sources */ = {isa = PBXBuildFile; fileRef = D5FB82B11BFE0343D4376F76 /* GeometryKernel.swift */; };
		9135A3D8FB1C1A04493C1747 /* ViewportGestureView.swift in Sources */ = {isa = PBXBuildFile; fileRef = 0E53A43557194030A6FEFE72 /* ViewportGestureView.swift */; };
		91DA622FC6419B6112D42258 /* HapticManager.swift in Sources */ = {isa = PBXBuildFile; fileRef = 933874FAA5266971D7D366DE /* HapticManager.swift */; };
		930386A8A9A54FA7557DF387 /* PartStudio.swift in Sources */ = {isa = PBXBuildFile; fileRef = DEF6CA871B03F8BDC60B84B1 /* PartStudio.swift */; };
		95DFD4BAE405B31EC8A675E2 /* ParameterEditorView.swift in Sources */ = {isa = PBXBuildFile; fileRef = A6DF771833A8DF2C3D7A3CDF /* ParameterEditorView.swift */; };
		97573B3DB73A913E9092AA11 /* LeftToolbarLayoutTests.swift in Sources */ = {isa = PBXBuildFile; fileRef = 00AE4B73CD5026345BF87AC1 /* LeftToolbarLayoutTests.swift */; };
		98414A3DBEE09F5FB5A39E1D /* DesignRegularizer.swift in Sources */ = {isa = PBXBuildFile; fileRef = 9D7EF44EAB74960837C5745B /* DesignRegularizer.swift */; };
		9A9B3AED509C07A130CC34AA /* ImagineSession.swift in Sources */ = {isa = PBXBuildFile; fileRef = 5759882702BF715359E03155 /* ImagineSession.swift */; };
		9D21D349483A09F0D6365E51 /* VoiceCommandSession.swift in Sources */ = {isa = PBXBuildFile; fileRef = A04DF2F350F56594A5826080 /* VoiceCommandSession.swift */; };
		9F2460A17D63230384DF41D0 /* Assets.xcassets in Resources */ = {isa = PBXBuildFile; fileRef = 70A7368A75B6A24E35464805 /* Assets.xcassets */; };
		9FE8028745472AC9D6AA9DB8 /* SketchCanvas.swift in Sources */ = {isa = PBXBuildFile; fileRef = 4C33D9A180D960F66C2EBC84 /* SketchCanvas.swift */; };
		A085A26BCAC1E2F7460616EC /* BendDeformerTests.swift in Sources */ = {isa = PBXBuildFile; fileRef = 572BFC21F07DE25C8C02304A /* BendDeformerTests.swift */; };
		A40E7DD8612878E5972CD114 /* LeftToolbarLayout.swift in Sources */ = {isa = PBXBuildFile; fileRef = 709A22C9357727D9D12DF6C3 /* LeftToolbarLayout.swift */; };
		A4A63173D479BA9EBFA234B7 /* RevenueCat in Frameworks */ = {isa = PBXBuildFile; productRef = 16E2DF99C1FF72F99AB01576 /* RevenueCat */; };
		A59514D614E906CF82200604 /* MeshBlobTests.swift in Sources */ = {isa = PBXBuildFile; fileRef = BF63D94AEFCDDDB34C73EE4E /* MeshBlobTests.swift */; };
		A5AC1EC87A0030A0D46A80F7 /* HardcodedImagineGenerator.swift in Sources */ = {isa = PBXBuildFile; fileRef = FCE60364D9B129D2FB8E2F48 /* HardcodedImagineGenerator.swift */; };
		A5D8AF6380BFD5A65CF8068F /* FeatureTreeView.swift in Sources */ = {isa = PBXBuildFile; fileRef = D618F4E8B2AE3F61540FB235 /* FeatureTreeView.swift */; };
		A7877C79B0F86A009433715A /* ReferenceScene.swift in Sources */ = {isa = PBXBuildFile; fileRef = E82FE5C8AC7B50F630F6C3ED /* ReferenceScene.swift */; };
		A956D424C82A26D0898C99FE /* CommandInterpreter.swift in Sources */ = {isa = PBXBuildFile; fileRef = 3AA54B5A4B3B2A0F5AFE202A /* CommandInterpreter.swift */; };
		ACE17873B611F30B1B12563C /* UndoRedoManager.swift in Sources */ = {isa = PBXBuildFile; fileRef = B12FAD00BBE82D796C03C169 /* UndoRedoManager.swift */; };
		B072D7FA6041D9C95B6543E0 /* UpgradeView.swift in Sources */ = {isa = PBXBuildFile; fileRef = 6987EC908D950D93B9DAEA2C /* UpgradeView.swift */; };
		B4F7D52E54514353FA2BB20A /* CollaborationService.swift in Sources */ = {isa = PBXBuildFile; fileRef = 61B3025C46D62827B7D6E93E /* CollaborationService.swift */; };
		B6AC1898603415138FB0E509 /* AppleDictationSpeechService.swift in Sources */ = {isa = PBXBuildFile; fileRef = 8C19F3C789C1A26DCE357994 /* AppleDictationSpeechService.swift */; };
		B7BAEF205DAFE3FC15321C32 /* LeftToolbarView.swift in Sources */ = {isa = PBXBuildFile; fileRef = 7A18700040026F20B61C8E18 /* LeftToolbarView.swift */; };
		B7D88D8C5582996B70A570A6 /* StatsHeader.swift in Sources */ = {isa = PBXBuildFile; fileRef = F032070DA90B86CDE70B95A8 /* StatsHeader.swift */; };
		B8A8F96F8207C786BF307F8A /* CADDocument.swift in Sources */ = {isa = PBXBuildFile; fileRef = 9E6845F81244939B7FD85734 /* CADDocument.swift */; };
		B913DC165160CC28FEEC3686 /* MeshTransforms.swift in Sources */ = {isa = PBXBuildFile; fileRef = 40C6691C0B4D9F0BC1854AF5 /* MeshTransforms.swift */; };
		B9F3C04654EFC4418CA7F28A /* UpgradeViewModel.swift in Sources */ = {isa = PBXBuildFile; fileRef = 48723C98BCF4A7AC4BB398FD /* UpgradeViewModel.swift */; };
		BB47893D6623EBBC2A9A0D19 /* VersionHistoryView.swift in Sources */ = {isa = PBXBuildFile; fileRef = 80455F1B6F53EF7A415378E5 /* VersionHistoryView.swift */; };
		BC6E2BE1BF6A33C5F939BBD3 /* HolePattern.swift in Sources */ = {isa = PBXBuildFile; fileRef = 73FD7DE89D83024B626AD466 /* HolePattern.swift */; };
		BF4469BF8962BA94C816E079 /* SketchEditorView.swift in Sources */ = {isa = PBXBuildFile; fileRef = 26B66CA054C2E868753BE1AE /* SketchEditorView.swift */; };
		BFB71D225F6963B040D6AB4C /* PartStyle.swift in Sources */ = {isa = PBXBuildFile; fileRef = 43D10B11E8D8F1C432E1F6F8 /* PartStyle.swift */; };
		C2D7244127859FF5B439CEE3 /* ImaginePlan.swift in Sources */ = {isa = PBXBuildFile; fileRef = 96CFA804B98E081CE1B1C011 /* ImaginePlan.swift */; };
		C618924916C66288B333966E /* SelectionManager.swift in Sources */ = {isa = PBXBuildFile; fileRef = A1727A1DBF965948B2960332 /* SelectionManager.swift */; };
		C8B61F957B9EBF36E1DBB5B7 /* ImagineUsageLimiter.swift in Sources */ = {isa = PBXBuildFile; fileRef = 7F9FA05AB357D4BDE1FC1943 /* ImagineUsageLimiter.swift */; };
		C960BE1F044251EE52FFBD32 /* FlatPatternView.swift in Sources */ = {isa = PBXBuildFile; fileRef = 0146DA7022FCB088046FFDE7 /* FlatPatternView.swift */; };
		CA4409B789C8B605A4608430 /* CollaborationTests.swift in Sources */ = {isa = PBXBuildFile; fileRef = 6556908717F0E4B6C7921981 /* CollaborationTests.swift */; };
		CB9C1E0B1E5E9D141A9A627D /* RevenueCatSubscriptionService.swift in Sources */ = {isa = PBXBuildFile; fileRef = E900777904492D37F45E81AC /* RevenueCatSubscriptionService.swift */; };
		CCB3BA3723A0F27E7EE452F0 /* PartProfile.swift in Sources */ = {isa = PBXBuildFile; fileRef = BC57CA786A21286D65B5D06F /* PartProfile.swift */; };
		CDB86C6044CB48D4C52CD7EE /* SketchController.swift in Sources */ = {isa = PBXBuildFile; fileRef = A964B855F224FA7972403FC1 /* SketchController.swift */; };
		D094574A4551184C2C321FB4 /* MeshTouchUp.swift in Sources */ = {isa = PBXBuildFile; fileRef = B27A7E6A8EC5F08C5E2F95AD /* MeshTouchUp.swift */; };
		D2658D4D0D07F16D8D8E0A9C /* DesignStoreTests.swift in Sources */ = {isa = PBXBuildFile; fileRef = CE16028595462B6BC460B339 /* DesignStoreTests.swift */; };
		D34554852CA35F1ABF2C1E00 /* Quantity.swift in Sources */ = {isa = PBXBuildFile; fileRef = 8D5A13A284A41E1EA28F0538 /* Quantity.swift */; };
		D525CE1582CB5151182D67EE /* DesignModelsTests.swift in Sources */ = {isa = PBXBuildFile; fileRef = 13A0DA675798F3CC8564AAA8 /* DesignModelsTests.swift */; };
		D6F3505720B40D46DD013083 /* ImagineDictation.swift in Sources */ = {isa = PBXBuildFile; fileRef = 3937C71C32838E7933650F08 /* ImagineDictation.swift */; };
		D926E833136D7463A81C7C67 /* FoldSession.swift in Sources */ = {isa = PBXBuildFile; fileRef = 903C8700723427513D637700 /* FoldSession.swift */; };
		DA246442492F7238152E2BDA /* SubscriptionService.swift in Sources */ = {isa = PBXBuildFile; fileRef = 2428B62ACFDE30AD3A0FEB62 /* SubscriptionService.swift */; };
		DC2D72EB0B01D2706D7AFC37 /* GeometryTypes.swift in Sources */ = {isa = PBXBuildFile; fileRef = B8A9C372B0B6B2F8AB35BE4D /* GeometryTypes.swift */; };
		DCA0E7D6514AF71C23EBCF44 /* ModelingToolbarView.swift in Sources */ = {isa = PBXBuildFile; fileRef = D2F26DC0E7306AA0132627AA /* ModelingToolbarView.swift */; };
		DE1B2A5CA5B699ADB6F4E494 /* CADActionExecutor.swift in Sources */ = {isa = PBXBuildFile; fileRef = BDC55C1EFE93A07771DB0247 /* CADActionExecutor.swift */; };
		E0A5C8B9ECD7BA9131CECB1E /* ImaginePromptDraftTests.swift in Sources */ = {isa = PBXBuildFile; fileRef = B78CE167E8F01E26BB81FCB1 /* ImaginePromptDraftTests.swift */; };
		E49013E9C69D8A00E2EF5457 /* RuleBasedInterpreter.swift in Sources */ = {isa = PBXBuildFile; fileRef = D96BD94ADFE401B686210C36 /* RuleBasedInterpreter.swift */; };
		E49B00CEED9459C28603DEF5 /* SubscriptionContext.swift in Sources */ = {isa = PBXBuildFile; fileRef = A97DF41AB3F3CDD9FAEDBC98 /* SubscriptionContext.swift */; };
		E5D655D5D117E893E37CB5CC /* FoldSessionTests.swift in Sources */ = {isa = PBXBuildFile; fileRef = E37E439C500594DF81932CFF /* FoldSessionTests.swift */; };
		E8DDB7C7A8D4FE51B9E0E564 /* ImagineView.swift in Sources */ = {isa = PBXBuildFile; fileRef = 3F33DA67EBE6DC3E165F5E10 /* ImagineView.swift */; };
		E9EF72CCA84125DAEDAB78AB /* AppleSpeechResultRouterTests.swift in Sources */ = {isa = PBXBuildFile; fileRef = C213F6830298041E2ABD5A6B /* AppleSpeechResultRouterTests.swift */; };
		F2FF14898A70DC54E0C35AFD /* HingeInputManager.swift in Sources */ = {isa = PBXBuildFile; fileRef = 6C70848226956D26AE0A60EC /* HingeInputManager.swift */; };
		F3AB27C92F136B6A11CE1DBF /* CADAction.swift in Sources */ = {isa = PBXBuildFile; fileRef = 962F75E891587CE2A9494DF5 /* CADAction.swift */; };
		F6365A2947E60B0DE363AE7C /* RuleBasedInterpreterTests.swift in Sources */ = {isa = PBXBuildFile; fileRef = 26E1A7499496482934721836 /* RuleBasedInterpreterTests.swift */; };
		F7368937CB2CD4D8311E1698 /* DashboardView.swift in Sources */ = {isa = PBXBuildFile; fileRef = 3D4B351E742A46E3ACB1C502 /* DashboardView.swift */; };
		F7D16EBB5E4AFC66FB5B97B0 /* Dimensions.swift in Sources */ = {isa = PBXBuildFile; fileRef = C785F6C0A0A182DC4D1634DC /* Dimensions.swift */; };
		FA50C7EC75E8C09A1890E8E0 /* MeshCSGTests.swift in Sources */ = {isa = PBXBuildFile; fileRef = 4C3F9B13A8DFFCD776E4D7A6 /* MeshCSGTests.swift */; };
		FDE0C5E06C04760E3B20C341 /* DesignScene.swift in Sources */ = {isa = PBXBuildFile; fileRef = 48A26AEB39FA99FE9DA68CD9 /* DesignScene.swift */; };
		FE31A3C925C685A970DD6126 /* SubscriptionConfiguration.swift in Sources */ = {isa = PBXBuildFile; fileRef = BE32779E95A35F853E804821 /* SubscriptionConfiguration.swift */; };
/* End PBXBuildFile section */

/* Begin PBXContainerItemProxy section */
		DC90FE2EBBB09D5B364FA0E4 /* PBXContainerItemProxy */ = {
			isa = PBXContainerItemProxy;
			containerPortal = DA3492FC5FA57FFFCFC14D9F /* Project object */;
			proxyType = 1;
			remoteGlobalIDString = 4CFB7D3E2A62ECA3D7B0D6D2;
			remoteInfo = FoldForm;
		};
		EFCBD6F82CD958576B9FDAC7 /* PBXContainerItemProxy */ = {
			isa = PBXContainerItemProxy;
			containerPortal = DA3492FC5FA57FFFCFC14D9F /* Project object */;
			proxyType = 1;
			remoteGlobalIDString = 4CFB7D3E2A62ECA3D7B0D6D2;
			remoteInfo = FoldForm;
		};
/* End PBXContainerItemProxy section */

/* Begin PBXFileReference section */
		00AE4B73CD5026345BF87AC1 /* LeftToolbarLayoutTests.swift */ = {isa = PBXFileReference; lastKnownFileType = sourcecode.swift; path = LeftToolbarLayoutTests.swift; sourceTree = "<group>"; };
		0146DA7022FCB088046FFDE7 /* FlatPatternView.swift */ = {isa = PBXFileReference; lastKnownFileType = sourcecode.swift; path = FlatPatternView.swift; sourceTree = "<group>"; };
		017CBC275625B6C7F947F257 /* ThumbnailRenderer.swift */ = {isa = PBXFileReference; lastKnownFileType = sourcecode.swift; path = ThumbnailRenderer.swift; sourceTree = "<group>"; };
		048DC88412C96875F47310B4 /* KeychainStore.swift */ = {isa = PBXFileReference; lastKnownFileType = sourcecode.swift; path = KeychainStore.swift; sourceTree = "<group>"; };
		073ACFD9C7A5E55900C0B3F2 /* AccountView.swift */ = {isa = PBXFileReference; lastKnownFileType = sourcecode.swift; path = AccountView.swift; sourceTree = "<group>"; };
		0A0AF2F11D863986A63629C8 /* CADSequenceTests.swift */ = {isa = PBXFileReference; lastKnownFileType = sourcecode.swift; path = CADSequenceTests.swift; sourceTree = "<group>"; };
		0D24AB34F6BB9E8E3549DC4B /* ModelExporter.swift */ = {isa = PBXFileReference; lastKnownFileType = sourcecode.swift; path = ModelExporter.swift; sourceTree = "<group>"; };
		0D5D484828CB32FBA684AA6C /* SketchModel.swift */ = {isa = PBXFileReference; lastKnownFileType = sourcecode.swift; path = SketchModel.swift; sourceTree = "<group>"; };
		0E53A43557194030A6FEFE72 /* ViewportGestureView.swift */ = {isa = PBXFileReference; lastKnownFileType = sourcecode.swift; path = ViewportGestureView.swift; sourceTree = "<group>"; };
		1315EFFFE2AB8CF3985EA1FF /* HardcodedImagineGeneratorTests.swift */ = {isa = PBXFileReference; lastKnownFileType = sourcecode.swift; path = HardcodedImagineGeneratorTests.swift; sourceTree = "<group>"; };
		13A0DA675798F3CC8564AAA8 /* DesignModelsTests.swift */ = {isa = PBXFileReference; lastKnownFileType = sourcecode.swift; path = DesignModelsTests.swift; sourceTree = "<group>"; };
		1703E8F1B6E734C00AF09EB6 /* SelectionFilletTests.swift */ = {isa = PBXFileReference; lastKnownFileType = sourcecode.swift; path = SelectionFilletTests.swift; sourceTree = "<group>"; };
		173B4970CFF7CE031CCCE90D /* DesignModels.swift */ = {isa = PBXFileReference; lastKnownFileType = sourcecode.swift; path = DesignModels.swift; sourceTree = "<group>"; };
		1ACC5968464347C6783D2132 /* MeshFeatureSelection.swift */ = {isa = PBXFileReference; lastKnownFileType = sourcecode.swift; path = MeshFeatureSelection.swift; sourceTree = "<group>"; };
		239C7A2C076BFC16C50A3CD8 /* ShapeAnalysis.swift */ = {isa = PBXFileReference; lastKnownFileType = sourcecode.swift; path = ShapeAnalysis.swift; sourceTree = "<group>"; };
		2428B62ACFDE30AD3A0FEB62 /* SubscriptionService.swift */ = {isa = PBXFileReference; lastKnownFileType = sourcecode.swift; path = SubscriptionService.swift; sourceTree = "<group>"; };
		253BCBDF97CA016910E804A1 /* ViewportTransactionTests.swift */ = {isa = PBXFileReference; lastKnownFileType = sourcecode.swift; path = ViewportTransactionTests.swift; sourceTree = "<group>"; };
		263DED34011A6FE140277822 /* ImaginePromptDraft.swift */ = {isa = PBXFileReference; lastKnownFileType = sourcecode.swift; path = ImaginePromptDraft.swift; sourceTree = "<group>"; };
		26B66CA054C2E868753BE1AE /* SketchEditorView.swift */ = {isa = PBXFileReference; lastKnownFileType = sourcecode.swift; path = SketchEditorView.swift; sourceTree = "<group>"; };
		26DBB8B9B15E8073CC0D9AD0 /* SketchOverlayViews.swift */ = {isa = PBXFileReference; lastKnownFileType = sourcecode.swift; path = SketchOverlayViews.swift; sourceTree = "<group>"; };
		26E1A7499496482934721836 /* RuleBasedInterpreterTests.swift */ = {isa = PBXFileReference; lastKnownFileType = sourcecode.swift; path = RuleBasedInterpreterTests.swift; sourceTree = "<group>"; };
		285AD26BE3A1F7A1CA6A6F45 /* DesignSessionTests.swift */ = {isa = PBXFileReference; lastKnownFileType = sourcecode.swift; path = DesignSessionTests.swift; sourceTree = "<group>"; };
		2D2962F4327A950F5A3151DE /* SketchDrawing.swift */ = {isa = PBXFileReference; lastKnownFileType = sourcecode.swift; path = SketchDrawing.swift; sourceTree = "<group>"; };
		3512F63241D2A4551329FC14 /* FeatureRegenerationTests.swift */ = {isa = PBXFileReference; lastKnownFileType = sourcecode.swift; path = FeatureRegenerationTests.swift; sourceTree = "<group>"; };
		382CB0E78FEE6A0529126C88 /* CADActionExecutorTests.swift */ = {isa = PBXFileReference; lastKnownFileType = sourcecode.swift; path = CADActionExecutorTests.swift; sourceTree = "<group>"; };
		3937C71C32838E7933650F08 /* ImagineDictation.swift */ = {isa = PBXFileReference; lastKnownFileType = sourcecode.swift; path = ImagineDictation.swift; sourceTree = "<group>"; };
		3942A725B387E6DA97ADAC38 /* DesignIntent.swift */ = {isa = PBXFileReference; lastKnownFileType = sourcecode.swift; path = DesignIntent.swift; sourceTree = "<group>"; };
		3AA54B5A4B3B2A0F5AFE202A /* CommandInterpreter.swift */ = {isa = PBXFileReference; lastKnownFileType = sourcecode.swift; path = CommandInterpreter.swift; sourceTree = "<group>"; };
		3AC84CD0AE6AEE3AEDA34A07 /* SheetMetalCalculator.swift */ = {isa = PBXFileReference; lastKnownFileType = sourcecode.swift; path = SheetMetalCalculator.swift; sourceTree = "<group>"; };
		3D4B351E742A46E3ACB1C502 /* DashboardView.swift */ = {isa = PBXFileReference; lastKnownFileType = sourcecode.swift; path = DashboardView.swift; sourceTree = "<group>"; };
		3E5495FDAC49B7EF7BB8759C /* DesignFinish.swift */ = {isa = PBXFileReference; lastKnownFileType = sourcecode.swift; path = DesignFinish.swift; sourceTree = "<group>"; };
		3ECE6955E309CC36AFF40563 /* GestureUITests.swift */ = {isa = PBXFileReference; lastKnownFileType = sourcecode.swift; path = GestureUITests.swift; sourceTree = "<group>"; };
		3F33DA67EBE6DC3E165F5E10 /* ImagineView.swift */ = {isa = PBXFileReference; lastKnownFileType = sourcecode.swift; path = ImagineView.swift; sourceTree = "<group>"; };
		3F550FBAA667571F33D3B4FA /* FoldFormApp.swift */ = {isa = PBXFileReference; lastKnownFileType = sourcecode.swift; path = FoldFormApp.swift; sourceTree = "<group>"; };
		3F69E6D0BD0F846C9533DD00 /* FolderBar.swift */ = {isa = PBXFileReference; lastKnownFileType = sourcecode.swift; path = FolderBar.swift; sourceTree = "<group>"; };
		40C6691C0B4D9F0BC1854AF5 /* MeshTransforms.swift */ = {isa = PBXFileReference; lastKnownFileType = sourcecode.swift; path = MeshTransforms.swift; sourceTree = "<group>"; };
		4372436BD052ED973663401A /* ShareView.swift */ = {isa = PBXFileReference; lastKnownFileType = sourcecode.swift; path = ShareView.swift; sourceTree = "<group>"; };
		43D10B11E8D8F1C432E1F6F8 /* PartStyle.swift */ = {isa = PBXFileReference; lastKnownFileType = sourcecode.swift; path = PartStyle.swift; sourceTree = "<group>"; };
		4495F96F925962683A5A32CB /* ToolCatalogTests.swift */ = {isa = PBXFileReference; lastKnownFileType = sourcecode.swift; path = ToolCatalogTests.swift; sourceTree = "<group>"; };
		48723C98BCF4A7AC4BB398FD /* UpgradeViewModel.swift */ = {isa = PBXFileReference; lastKnownFileType = sourcecode.swift; path = UpgradeViewModel.swift; sourceTree = "<group>"; };
		48A26AEB39FA99FE9DA68CD9 /* DesignScene.swift */ = {isa = PBXFileReference; lastKnownFileType = sourcecode.swift; path = DesignScene.swift; sourceTree = "<group>"; };
		48CEF41A2E9E76B47A0DFD75 /* MeshBlob.swift */ = {isa = PBXFileReference; lastKnownFileType = sourcecode.swift; path = MeshBlob.swift; sourceTree = "<group>"; };
		49167D9BC1D6861A8F98D368 /* FoldFormUITests.xctest */ = {isa = PBXFileReference; includeInIndex = 0; lastKnownFileType = wrapper.cfbundle; path = FoldFormUITests.xctest; sourceTree = BUILT_PRODUCTS_DIR; };
		499EA0F19D629D9D23A5384E /* ImagineSessionTests.swift */ = {isa = PBXFileReference; lastKnownFileType = sourcecode.swift; path = ImagineSessionTests.swift; sourceTree = "<group>"; };
		4C33D9A180D960F66C2EBC84 /* SketchCanvas.swift */ = {isa = PBXFileReference; lastKnownFileType = sourcecode.swift; path = SketchCanvas.swift; sourceTree = "<group>"; };
		4C3F9B13A8DFFCD776E4D7A6 /* MeshCSGTests.swift */ = {isa = PBXFileReference; lastKnownFileType = sourcecode.swift; path = MeshCSGTests.swift; sourceTree = "<group>"; };
		4D207059DDE619F895803C32 /* CollisionManager.swift */ = {isa = PBXFileReference; lastKnownFileType = sourcecode.swift; path = CollisionManager.swift; sourceTree = "<group>"; };
		4D3CC71934481207E8AAF2CD /* ControlPanelView.swift */ = {isa = PBXFileReference; lastKnownFileType = sourcecode.swift; path = ControlPanelView.swift; sourceTree = "<group>"; };
		572BFC21F07DE25C8C02304A /* BendDeformerTests.swift */ = {isa = PBXFileReference; lastKnownFileType = sourcecode.swift; path = BendDeformerTests.swift; sourceTree = "<group>"; };
		5759882702BF715359E03155 /* ImagineSession.swift */ = {isa = PBXFileReference; lastKnownFileType = sourcecode.swift; path = ImagineSession.swift; sourceTree = "<group>"; };
		57D7BE9FACB246F74C488B14 /* SketchDrawingTests.swift */ = {isa = PBXFileReference; lastKnownFileType = sourcecode.swift; path = SketchDrawingTests.swift; sourceTree = "<group>"; };
		5D9B4417D7971BD1E50406C7 /* ThumbnailRendererTests.swift */ = {isa = PBXFileReference; lastKnownFileType = sourcecode.swift; path = ThumbnailRendererTests.swift; sourceTree = "<group>"; };
		61B3025C46D62827B7D6E93E /* CollaborationService.swift */ = {isa = PBXFileReference; lastKnownFileType = sourcecode.swift; path = CollaborationService.swift; sourceTree = "<group>"; };
		6556908717F0E4B6C7921981 /* CollaborationTests.swift */ = {isa = PBXFileReference; lastKnownFileType = sourcecode.swift; path = CollaborationTests.swift; sourceTree = "<group>"; };
		673B227E73CC5C6052795E96 /* CameraRig.swift */ = {isa = PBXFileReference; lastKnownFileType = sourcecode.swift; path = CameraRig.swift; sourceTree = "<group>"; };
		6987EC908D950D93B9DAEA2C /* UpgradeView.swift */ = {isa = PBXFileReference; lastKnownFileType = sourcecode.swift; path = UpgradeView.swift; sourceTree = "<group>"; };
		6A90A48628FDC5912E4EB357 /* VersionTests.swift */ = {isa = PBXFileReference; lastKnownFileType = sourcecode.swift; path = VersionTests.swift; sourceTree = "<group>"; };
		6AD651866F7BE1357E1F8F22 /* ImaginePlanValidator.swift */ = {isa = PBXFileReference; lastKnownFileType = sourcecode.swift; path = ImaginePlanValidator.swift; sourceTree = "<group>"; };
		6C3B83C8D1FE5826F538BB30 /* AppModel.swift */ = {isa = PBXFileReference; lastKnownFileType = sourcecode.swift; path = AppModel.swift; sourceTree = "<group>"; };
		6C70848226956D26AE0A60EC /* HingeInputManager.swift */ = {isa = PBXFileReference; lastKnownFileType = sourcecode.swift; path = HingeInputManager.swift; sourceTree = "<group>"; };
		6DA351278A6F987EE5CB705B /* SketchTests.swift */ = {isa = PBXFileReference; lastKnownFileType = sourcecode.swift; path = SketchTests.swift; sourceTree = "<group>"; };
		6F1F8AC3B2D5A5D86C8628BB /* DesignStore.swift */ = {isa = PBXFileReference; lastKnownFileType = sourcecode.swift; path = DesignStore.swift; sourceTree = "<group>"; };
		6FB85706C2A54D3E52F8855F /* FoldForm.app */ = {isa = PBXFileReference; includeInIndex = 0; lastKnownFileType = wrapper.application; path = FoldForm.app; sourceTree = BUILT_PRODUCTS_DIR; };
		709A22C9357727D9D12DF6C3 /* LeftToolbarLayout.swift */ = {isa = PBXFileReference; lastKnownFileType = sourcecode.swift; path = LeftToolbarLayout.swift; sourceTree = "<group>"; };
		70A7368A75B6A24E35464805 /* Assets.xcassets */ = {isa = PBXFileReference; lastKnownFileType = folder.assetcatalog; path = Assets.xcassets; sourceTree = "<group>"; };
		7381A8D440D1E3DBC48E83FC /* FeatureOperations.swift */ = {isa = PBXFileReference; lastKnownFileType = sourcecode.swift; path = FeatureOperations.swift; sourceTree = "<group>"; };
		73FD7DE89D83024B626AD466 /* HolePattern.swift */ = {isa = PBXFileReference; lastKnownFileType = sourcecode.swift; path = HolePattern.swift; sourceTree = "<group>"; };
		7696007ADD4A4D8DD6154E0A /* ImagineDictationTests.swift */ = {isa = PBXFileReference; lastKnownFileType = sourcecode.swift; path = ImagineDictationTests.swift; sourceTree = "<group>"; };
		7A18700040026F20B61C8E18 /* LeftToolbarView.swift */ = {isa = PBXFileReference; lastKnownFileType = sourcecode.swift; path = LeftToolbarView.swift; sourceTree = "<group>"; };
		7B7A72ED8F333A666387DD8D /* VoiceCommandSessionTests.swift */ = {isa = PBXFileReference; lastKnownFileType = sourcecode.swift; path = VoiceCommandSessionTests.swift; sourceTree = "<group>"; };
		7C90E7879A08E3659B121147 /* GeometryKernelTests.swift */ = {isa = PBXFileReference; lastKnownFileType = sourcecode.swift; path = GeometryKernelTests.swift; sourceTree = "<group>"; };
		7F9FA05AB357D4BDE1FC1943 /* ImagineUsageLimiter.swift */ = {isa = PBXFileReference; lastKnownFileType = sourcecode.swift; path = ImagineUsageLimiter.swift; sourceTree = "<group>"; };
		80455F1B6F53EF7A415378E5 /* VersionHistoryView.swift */ = {isa = PBXFileReference; lastKnownFileType = sourcecode.swift; path = VersionHistoryView.swift; sourceTree = "<group>"; };
		8194041D83E7A1A76C4B1F60 /* MeshFillet.swift */ = {isa = PBXFileReference; lastKnownFileType = sourcecode.swift; path = MeshFillet.swift; sourceTree = "<group>"; };
		83A3735345B6B4E3A4DF778A /* SheetMetalCalculatorTests.swift */ = {isa = PBXFileReference; lastKnownFileType = sourcecode.swift; path = SheetMetalCalculatorTests.swift; sourceTree = "<group>"; };
		83E72063FA6F011F59BEA24D /* PolygonBridge.swift */ = {isa = PBXFileReference; lastKnownFileType = sourcecode.swift; path = PolygonBridge.swift; sourceTree = "<group>"; };
		8C19F3C789C1A26DCE357994 /* AppleDictationSpeechService.swift */ = {isa = PBXFileReference; lastKnownFileType = sourcecode.swift; path = AppleDictationSpeechService.swift; sourceTree = "<group>"; };
		8C3FF4EB14F91F6CC2070011 /* DesignLoadTests.swift */ = {isa = PBXFileReference; lastKnownFileType = sourcecode.swift; path = DesignLoadTests.swift; sourceTree = "<group>"; };
		8C43576DA5F4830719F1D4B2 /* EntitlementStore.swift */ = {isa = PBXFileReference; lastKnownFileType = sourcecode.swift; path = EntitlementStore.swift; sourceTree = "<group>"; };
		8CAED009CEE3E8BCF16600FE /* FeatureGraph.swift */ = {isa = PBXFileReference; lastKnownFileType = sourcecode.swift; path = FeatureGraph.swift; sourceTree = "<group>"; };
		8D5A13A284A41E1EA28F0538 /* Quantity.swift */ = {isa = PBXFileReference; lastKnownFileType = sourcecode.swift; path = Quantity.swift; sourceTree = "<group>"; };
		8F3247A923E1BE829AFEFACB /* AppleSpeechResultRouter.swift */ = {isa = PBXFileReference; lastKnownFileType = sourcecode.swift; path = AppleSpeechResultRouter.swift; sourceTree = "<group>"; };
		903C8700723427513D637700 /* FoldSession.swift */ = {isa = PBXFileReference; lastKnownFileType = sourcecode.swift; path = FoldSession.swift; sourceTree = "<group>"; };
		924453B596CAFAE3CA6AE91E /* SpeechService.swift */ = {isa = PBXFileReference; lastKnownFileType = sourcecode.swift; path = SpeechService.swift; sourceTree = "<group>"; };
		933874FAA5266971D7D366DE /* HapticManager.swift */ = {isa = PBXFileReference; lastKnownFileType = sourcecode.swift; path = HapticManager.swift; sourceTree = "<group>"; };
		95DC9C78BD34694F04981823 /* TouchUpTests.swift */ = {isa = PBXFileReference; lastKnownFileType = sourcecode.swift; path = TouchUpTests.swift; sourceTree = "<group>"; };
		962F75E891587CE2A9494DF5 /* CADAction.swift */ = {isa = PBXFileReference; lastKnownFileType = sourcecode.swift; path = CADAction.swift; sourceTree = "<group>"; };
		96C5BB5F8D24612CE6D74856 /* SubscriptionTests.swift */ = {isa = PBXFileReference; lastKnownFileType = sourcecode.swift; path = SubscriptionTests.swift; sourceTree = "<group>"; };
		96CFA804B98E081CE1B1C011 /* ImaginePlan.swift */ = {isa = PBXFileReference; lastKnownFileType = sourcecode.swift; path = ImaginePlan.swift; sourceTree = "<group>"; };
		99CEB104DB12BE915CD95C26 /* ImagineTests.swift */ = {isa = PBXFileReference; lastKnownFileType = sourcecode.swift; path = ImagineTests.swift; sourceTree = "<group>"; };
		99EB9DBD5284BF29A48AEA2C /* DesignLibrary.swift */ = {isa = PBXFileReference; lastKnownFileType = sourcecode.swift; path = DesignLibrary.swift; sourceTree = "<group>"; };
		9AB0144689768360670F6378 /* TemplatePicker.swift */ = {isa = PBXFileReference; lastKnownFileType = sourcecode.swift; path = TemplatePicker.swift; sourceTree = "<group>"; };
		9AE46B4AF3895C056BC130ED /* MeshCSG.swift */ = {isa = PBXFileReference; lastKnownFileType = sourcecode.swift; path = MeshCSG.swift; sourceTree = "<group>"; };
		9D7EF44EAB74960837C5745B /* DesignRegularizer.swift */ = {isa = PBXFileReference; lastKnownFileType = sourcecode.swift; path = DesignRegularizer.swift; sourceTree = "<group>"; };
		9E6845F81244939B7FD85734 /* CADDocument.swift */ = {isa = PBXFileReference; lastKnownFileType = sourcecode.swift; path = CADDocument.swift; sourceTree = "<group>"; };
		A04DF2F350F56594A5826080 /* VoiceCommandSession.swift */ = {isa = PBXFileReference; lastKnownFileType = sourcecode.swift; path = VoiceCommandSession.swift; sourceTree = "<group>"; };
		A1727A1DBF965948B2960332 /* SelectionManager.swift */ = {isa = PBXFileReference; lastKnownFileType = sourcecode.swift; path = SelectionManager.swift; sourceTree = "<group>"; };
		A5DA05545E493BB0B13134BF /* MeshOps.swift */ = {isa = PBXFileReference; lastKnownFileType = sourcecode.swift; path = MeshOps.swift; sourceTree = "<group>"; };
		A6DF771833A8DF2C3D7A3CDF /* ParameterEditorView.swift */ = {isa = PBXFileReference; lastKnownFileType = sourcecode.swift; path = ParameterEditorView.swift; sourceTree = "<group>"; };
		A804C197EA20AA055E6C6A25 /* DesignCard.swift */ = {isa = PBXFileReference; lastKnownFileType = sourcecode.swift; path = DesignCard.swift; sourceTree = "<group>"; };
		A964B855F224FA7972403FC1 /* SketchController.swift */ = {isa = PBXFileReference; lastKnownFileType = sourcecode.swift; path = SketchController.swift; sourceTree = "<group>"; };
		A97DF41AB3F3CDD9FAEDBC98 /* SubscriptionContext.swift */ = {isa = PBXFileReference; lastKnownFileType = sourcecode.swift; path = SubscriptionContext.swift; sourceTree = "<group>"; };
		AED818B079E34299290F8B6B /* OpenAIImagineClient.swift */ = {isa = PBXFileReference; lastKnownFileType = sourcecode.swift; path = OpenAIImagineClient.swift; sourceTree = "<group>"; };
		B12FAD00BBE82D796C03C169 /* UndoRedoManager.swift */ = {isa = PBXFileReference; lastKnownFileType = sourcecode.swift; path = UndoRedoManager.swift; sourceTree = "<group>"; };
		B27A7E6A8EC5F08C5E2F95AD /* MeshTouchUp.swift */ = {isa = PBXFileReference; lastKnownFileType = sourcecode.swift; path = MeshTouchUp.swift; sourceTree = "<group>"; };
		B409AEF245FC877C66942CBA /* DesignLibraryTests.swift */ = {isa = PBXFileReference; lastKnownFileType = sourcecode.swift; path = DesignLibraryTests.swift; sourceTree = "<group>"; };
		B78CE167E8F01E26BB81FCB1 /* ImaginePromptDraftTests.swift */ = {isa = PBXFileReference; lastKnownFileType = sourcecode.swift; path = ImaginePromptDraftTests.swift; sourceTree = "<group>"; };
		B8A9C372B0B6B2F8AB35BE4D /* GeometryTypes.swift */ = {isa = PBXFileReference; lastKnownFileType = sourcecode.swift; path = GeometryTypes.swift; sourceTree = "<group>"; };
		BACD9BAD808B1D3CAE1AA4A2 /* GeometryBuilder.swift */ = {isa = PBXFileReference; lastKnownFileType = sourcecode.swift; path = GeometryBuilder.swift; sourceTree = "<group>"; };
		BBD0740ACED27EB9FD056683 /* AppleModelInterpreter.swift */ = {isa = PBXFileReference; lastKnownFileType = sourcecode.swift; path = AppleModelInterpreter.swift; sourceTree = "<group>"; };
		BC57CA786A21286D65B5D06F /* PartProfile.swift */ = {isa = PBXFileReference; lastKnownFileType = sourcecode.swift; path = PartProfile.swift; sourceTree = "<group>"; };
		BDC55C1EFE93A07771DB0247 /* CADActionExecutor.swift */ = {isa = PBXFileReference; lastKnownFileType = sourcecode.swift; path = CADActionExecutor.swift; sourceTree = "<group>"; };
		BE32779E95A35F853E804821 /* SubscriptionConfiguration.swift */ = {isa = PBXFileReference; lastKnownFileType = sourcecode.swift; path = SubscriptionConfiguration.swift; sourceTree = "<group>"; };
		BF63D94AEFCDDDB34C73EE4E /* MeshBlobTests.swift */ = {isa = PBXFileReference; lastKnownFileType = sourcecode.swift; path = MeshBlobTests.swift; sourceTree = "<group>"; };
		C213F6830298041E2ABD5A6B /* AppleSpeechResultRouterTests.swift */ = {isa = PBXFileReference; lastKnownFileType = sourcecode.swift; path = AppleSpeechResultRouterTests.swift; sourceTree = "<group>"; };
		C2A11921E41C4739596BBAF5 /* FoldFormTests.xctest */ = {isa = PBXFileReference; includeInIndex = 0; lastKnownFileType = wrapper.cfbundle; path = FoldFormTests.xctest; sourceTree = BUILT_PRODUCTS_DIR; };
		C53BBB6E8D187D032E875107 /* DocumentResetTests.swift */ = {isa = PBXFileReference; lastKnownFileType = sourcecode.swift; path = DocumentResetTests.swift; sourceTree = "<group>"; };
		C785F6C0A0A182DC4D1634DC /* Dimensions.swift */ = {isa = PBXFileReference; lastKnownFileType = sourcecode.swift; path = Dimensions.swift; sourceTree = "<group>"; };
		C968755BF348F98FEFF0FAE1 /* ReferenceGeometry.swift */ = {isa = PBXFileReference; lastKnownFileType = sourcecode.swift; path = ReferenceGeometry.swift; sourceTree = "<group>"; };
		C9BD38E7D8E1EF452AD9AA8C /* ModelExporterTests.swift */ = {isa = PBXFileReference; lastKnownFileType = sourcecode.swift; path = ModelExporterTests.swift; sourceTree = "<group>"; };
		CC63731823E4E8FC114CA77A /* ImagineRequest.swift */ = {isa = PBXFileReference; lastKnownFileType = sourcecode.swift; path = ImagineRequest.swift; sourceTree = "<group>"; };
		CCC8E3820E2BCCFD2E3B9EDC /* CameraRigAndHingeTests.swift */ = {isa = PBXFileReference; lastKnownFileType = sourcecode.swift; path = CameraRigAndHingeTests.swift; sourceTree = "<group>"; };
		CE16028595462B6BC460B339 /* DesignStoreTests.swift */ = {isa = PBXFileReference; lastKnownFileType = sourcecode.swift; path = DesignStoreTests.swift; sourceTree = "<group>"; };
		D04A21ECEB91DA8311167418 /* QuantityTests.swift */ = {isa = PBXFileReference; lastKnownFileType = sourcecode.swift; path = QuantityTests.swift; sourceTree = "<group>"; };
		D0A6ED0AD3512E2DFDB1D7B3 /* TouchUp.swift */ = {isa = PBXFileReference; lastKnownFileType = sourcecode.swift; path = TouchUp.swift; sourceTree = "<group>"; };
		D1C87AC268714C46DED83EB8 /* AppleModelInterpreterTests.swift */ = {isa = PBXFileReference; lastKnownFileType = sourcecode.swift; path = AppleModelInterpreterTests.swift; sourceTree = "<group>"; };
		D1FAA606A9777E7791CC2D50 /* OpenAIImagineClientTests.swift */ = {isa = PBXFileReference; lastKnownFileType = sourcecode.swift; path = OpenAIImagineClientTests.swift; sourceTree = "<group>"; };
		D2F26DC0E7306AA0132627AA /* ModelingToolbarView.swift */ = {isa = PBXFileReference; lastKnownFileType = sourcecode.swift; path = ModelingToolbarView.swift; sourceTree = "<group>"; };
		D3EA18AEAAE889D87C26F23C /* RealityViewport.swift */ = {isa = PBXFileReference; lastKnownFileType = sourcecode.swift; path = RealityViewport.swift; sourceTree = "<group>"; };
		D4F11F5B1C567212259B8CFD /* ReferenceSceneTests.swift */ = {isa = PBXFileReference; lastKnownFileType = sourcecode.swift; path = ReferenceSceneTests.swift; sourceTree = "<group>"; };
		D5FB82B11BFE0343D4376F76 /* GeometryKernel.swift */ = {isa = PBXFileReference; lastKnownFileType = sourcecode.swift; path = GeometryKernel.swift; sourceTree = "<group>"; };
		D618F4E8B2AE3F61540FB235 /* FeatureTreeView.swift */ = {isa = PBXFileReference; lastKnownFileType = sourcecode.swift; path = FeatureTreeView.swift; sourceTree = "<group>"; };
		D96BD94ADFE401B686210C36 /* RuleBasedInterpreter.swift */ = {isa = PBXFileReference; lastKnownFileType = sourcecode.swift; path = RuleBasedInterpreter.swift; sourceTree = "<group>"; };
		DEF6CA871B03F8BDC60B84B1 /* PartStudio.swift */ = {isa = PBXFileReference; lastKnownFileType = sourcecode.swift; path = PartStudio.swift; sourceTree = "<group>"; };
		DF2FB87CC3A8DDB14CB5C421 /* ToolCatalog.swift */ = {isa = PBXFileReference; lastKnownFileType = sourcecode.swift; path = ToolCatalog.swift; sourceTree = "<group>"; };
		E37E439C500594DF81932CFF /* FoldSessionTests.swift */ = {isa = PBXFileReference; lastKnownFileType = sourcecode.swift; path = FoldSessionTests.swift; sourceTree = "<group>"; };
		E82FE5C8AC7B50F630F6C3ED /* ReferenceScene.swift */ = {isa = PBXFileReference; lastKnownFileType = sourcecode.swift; path = ReferenceScene.swift; sourceTree = "<group>"; };
		E900777904492D37F45E81AC /* RevenueCatSubscriptionService.swift */ = {isa = PBXFileReference; lastKnownFileType = sourcecode.swift; path = RevenueCatSubscriptionService.swift; sourceTree = "<group>"; };
		E955E26617A257E5ACF6B904 /* VoiceCaptionView.swift */ = {isa = PBXFileReference; lastKnownFileType = sourcecode.swift; path = VoiceCaptionView.swift; sourceTree = "<group>"; };
		ECE2D978FFE6E17B082CFBCE /* DemoCoordinator.swift */ = {isa = PBXFileReference; lastKnownFileType = sourcecode.swift; path = DemoCoordinator.swift; sourceTree = "<group>"; };
		EFBC8AC48297126DC140C155 /* ViewCubeView.swift */ = {isa = PBXFileReference; lastKnownFileType = sourcecode.swift; path = ViewCubeView.swift; sourceTree = "<group>"; };
		F032070DA90B86CDE70B95A8 /* StatsHeader.swift */ = {isa = PBXFileReference; lastKnownFileType = sourcecode.swift; path = StatsHeader.swift; sourceTree = "<group>"; };
		F9F21AB77A5E9A42935A4C3B /* BendDeformer.swift */ = {isa = PBXFileReference; lastKnownFileType = sourcecode.swift; path = BendDeformer.swift; sourceTree = "<group>"; };
		FCE60364D9B129D2FB8E2F48 /* HardcodedImagineGenerator.swift */ = {isa = PBXFileReference; lastKnownFileType = sourcecode.swift; path = HardcodedImagineGenerator.swift; sourceTree = "<group>"; };
		FF79B7D1456F0DA582C17BC4 /* DesignSession.swift */ = {isa = PBXFileReference; lastKnownFileType = sourcecode.swift; path = DesignSession.swift; sourceTree = "<group>"; };
/* End PBXFileReference section */

/* Begin PBXFrameworksBuildPhase section */
		DFC580D75ABA5B2F258E182A /* Frameworks */ = {
			isa = PBXFrameworksBuildPhase;
			buildActionMask = 2147483647;
			files = (
				A4A63173D479BA9EBFA234B7 /* RevenueCat in Frameworks */,
			);
			runOnlyForDeploymentPostprocessing = 0;
		};
/* End PBXFrameworksBuildPhase section */

/* Begin PBXGroup section */
		05FBF41728BE242B507D08FC /* Products */ = {
			isa = PBXGroup;
			children = (
				6FB85706C2A54D3E52F8855F /* FoldForm.app */,
				C2A11921E41C4739596BBAF5 /* FoldFormTests.xctest */,
				49167D9BC1D6861A8F98D368 /* FoldFormUITests.xctest */,
			);
			name = Products;
			sourceTree = "<group>";
		};
		11455493CE719C420943665B /* Subscription */ = {
			isa = PBXGroup;
			children = (
				073ACFD9C7A5E55900C0B3F2 /* AccountView.swift */,
				8C43576DA5F4830719F1D4B2 /* EntitlementStore.swift */,
				7F9FA05AB357D4BDE1FC1943 /* ImagineUsageLimiter.swift */,
				E900777904492D37F45E81AC /* RevenueCatSubscriptionService.swift */,
				BE32779E95A35F853E804821 /* SubscriptionConfiguration.swift */,
				A97DF41AB3F3CDD9FAEDBC98 /* SubscriptionContext.swift */,
				2428B62ACFDE30AD3A0FEB62 /* SubscriptionService.swift */,
				6987EC908D950D93B9DAEA2C /* UpgradeView.swift */,
				48723C98BCF4A7AC4BB398FD /* UpgradeViewModel.swift */,
			);
			path = Subscription;
			sourceTree = "<group>";
		};
		151F032D87EBF686116012AB /* Imagine */ = {
			isa = PBXGroup;
			children = (
				FCE60364D9B129D2FB8E2F48 /* HardcodedImagineGenerator.swift */,
				3937C71C32838E7933650F08 /* ImagineDictation.swift */,
				96CFA804B98E081CE1B1C011 /* ImaginePlan.swift */,
				6AD651866F7BE1357E1F8F22 /* ImaginePlanValidator.swift */,
				263DED34011A6FE140277822 /* ImaginePromptDraft.swift */,
				CC63731823E4E8FC114CA77A /* ImagineRequest.swift */,
				5759882702BF715359E03155 /* ImagineSession.swift */,
				3F33DA67EBE6DC3E165F5E10 /* ImagineView.swift */,
				048DC88412C96875F47310B4 /* KeychainStore.swift */,
				AED818B079E34299290F8B6B /* OpenAIImagineClient.swift */,
				4C33D9A180D960F66C2EBC84 /* SketchCanvas.swift */,
				2D2962F4327A950F5A3151DE /* SketchDrawing.swift */,
			);
			path = Imagine;
			sourceTree = "<group>";
		};
		214960DD82D21E9AF97C8F15 /* Library */ = {
			isa = PBXGroup;
			children = (
				61B3025C46D62827B7D6E93E /* CollaborationService.swift */,
				99EB9DBD5284BF29A48AEA2C /* DesignLibrary.swift */,
				173B4970CFF7CE031CCCE90D /* DesignModels.swift */,
				FF79B7D1456F0DA582C17BC4 /* DesignSession.swift */,
				6F1F8AC3B2D5A5D86C8628BB /* DesignStore.swift */,
				48CEF41A2E9E76B47A0DFD75 /* MeshBlob.swift */,
				017CBC275625B6C7F947F257 /* ThumbnailRenderer.swift */,
			);
			path = Library;
			sourceTree = "<group>";
		};
		298572B344C6FF140B4F5150 /* FoldForm */ = {
			isa = PBXGroup;
			children = (
				6C3B83C8D1FE5826F538BB30 /* AppModel.swift */,
				70A7368A75B6A24E35464805 /* Assets.xcassets */,
				F9F21AB77A5E9A42935A4C3B /* BendDeformer.swift */,
				9E6845F81244939B7FD85734 /* CADDocument.swift */,
				673B227E73CC5C6052795E96 /* CameraRig.swift */,
				4D207059DDE619F895803C32 /* CollisionManager.swift */,
				4D3CC71934481207E8AAF2CD /* ControlPanelView.swift */,
				ECE2D978FFE6E17B082CFBCE /* DemoCoordinator.swift */,
				3E5495FDAC49B7EF7BB8759C /* DesignFinish.swift */,
				3942A725B387E6DA97ADAC38 /* DesignIntent.swift */,
				9D7EF44EAB74960837C5745B /* DesignRegularizer.swift */,
				48A26AEB39FA99FE9DA68CD9 /* DesignScene.swift */,
				C785F6C0A0A182DC4D1634DC /* Dimensions.swift */,
				8CAED009CEE3E8BCF16600FE /* FeatureGraph.swift */,
				7381A8D440D1E3DBC48E83FC /* FeatureOperations.swift */,
				D618F4E8B2AE3F61540FB235 /* FeatureTreeView.swift */,
				0146DA7022FCB088046FFDE7 /* FlatPatternView.swift */,
				3F550FBAA667571F33D3B4FA /* FoldFormApp.swift */,
				903C8700723427513D637700 /* FoldSession.swift */,
				BACD9BAD808B1D3CAE1AA4A2 /* GeometryBuilder.swift */,
				D5FB82B11BFE0343D4376F76 /* GeometryKernel.swift */,
				B8A9C372B0B6B2F8AB35BE4D /* GeometryTypes.swift */,
				933874FAA5266971D7D366DE /* HapticManager.swift */,
				6C70848226956D26AE0A60EC /* HingeInputManager.swift */,
				73FD7DE89D83024B626AD466 /* HolePattern.swift */,
				709A22C9357727D9D12DF6C3 /* LeftToolbarLayout.swift */,
				7A18700040026F20B61C8E18 /* LeftToolbarView.swift */,
				9AE46B4AF3895C056BC130ED /* MeshCSG.swift */,
				1ACC5968464347C6783D2132 /* MeshFeatureSelection.swift */,
				8194041D83E7A1A76C4B1F60 /* MeshFillet.swift */,
				A5DA05545E493BB0B13134BF /* MeshOps.swift */,
				B27A7E6A8EC5F08C5E2F95AD /* MeshTouchUp.swift */,
				0D24AB34F6BB9E8E3549DC4B /* ModelExporter.swift */,
				D2F26DC0E7306AA0132627AA /* ModelingToolbarView.swift */,
				A6DF771833A8DF2C3D7A3CDF /* ParameterEditorView.swift */,
				BC57CA786A21286D65B5D06F /* PartProfile.swift */,
				DEF6CA871B03F8BDC60B84B1 /* PartStudio.swift */,
				43D10B11E8D8F1C432E1F6F8 /* PartStyle.swift */,
				83E72063FA6F011F59BEA24D /* PolygonBridge.swift */,
				D3EA18AEAAE889D87C26F23C /* RealityViewport.swift */,
				C968755BF348F98FEFF0FAE1 /* ReferenceGeometry.swift */,
				E82FE5C8AC7B50F630F6C3ED /* ReferenceScene.swift */,
				A1727A1DBF965948B2960332 /* SelectionManager.swift */,
				239C7A2C076BFC16C50A3CD8 /* ShapeAnalysis.swift */,
				3AC84CD0AE6AEE3AEDA34A07 /* SheetMetalCalculator.swift */,
				A964B855F224FA7972403FC1 /* SketchController.swift */,
				26B66CA054C2E868753BE1AE /* SketchEditorView.swift */,
				0D5D484828CB32FBA684AA6C /* SketchModel.swift */,
				26DBB8B9B15E8073CC0D9AD0 /* SketchOverlayViews.swift */,
				D0A6ED0AD3512E2DFDB1D7B3 /* TouchUp.swift */,
				B12FAD00BBE82D796C03C169 /* UndoRedoManager.swift */,
				EFBC8AC48297126DC140C155 /* ViewCubeView.swift */,
				0E53A43557194030A6FEFE72 /* ViewportGestureView.swift */,
				71773383D4B0D6B397D6AA7B /* AI */,
				AC77204F6167387FC056D0D5 /* Dashboard */,
				214960DD82D21E9AF97C8F15 /* Library */,
				11455493CE719C420943665B /* Subscription */,
			);
			path = FoldForm;
			sourceTree = "<group>";
		};
		5B53D78E6367C70C1EF76E8D /* Actions */ = {
			isa = PBXGroup;
			children = (
				962F75E891587CE2A9494DF5 /* CADAction.swift */,
				BDC55C1EFE93A07771DB0247 /* CADActionExecutor.swift */,
				40C6691C0B4D9F0BC1854AF5 /* MeshTransforms.swift */,
				8D5A13A284A41E1EA28F0538 /* Quantity.swift */,
				DF2FB87CC3A8DDB14CB5C421 /* ToolCatalog.swift */,
			);
			path = Actions;
			sourceTree = "<group>";
		};
		71773383D4B0D6B397D6AA7B /* AI */ = {
			isa = PBXGroup;
			children = (
				5B53D78E6367C70C1EF76E8D /* Actions */,
				151F032D87EBF686116012AB /* Imagine */,
				91553F3F995C6D8BE69963C5 /* Voice */,
			);
			path = AI;
			sourceTree = "<group>";
		};
		91553F3F995C6D8BE69963C5 /* Voice */ = {
			isa = PBXGroup;
			children = (
				8C19F3C789C1A26DCE357994 /* AppleDictationSpeechService.swift */,
				BBD0740ACED27EB9FD056683 /* AppleModelInterpreter.swift */,
				8F3247A923E1BE829AFEFACB /* AppleSpeechResultRouter.swift */,
				3AA54B5A4B3B2A0F5AFE202A /* CommandInterpreter.swift */,
				D96BD94ADFE401B686210C36 /* RuleBasedInterpreter.swift */,
				924453B596CAFAE3CA6AE91E /* SpeechService.swift */,
				E955E26617A257E5ACF6B904 /* VoiceCaptionView.swift */,
				A04DF2F350F56594A5826080 /* VoiceCommandSession.swift */,
			);
			path = Voice;
			sourceTree = "<group>";
		};
		AC77204F6167387FC056D0D5 /* Dashboard */ = {
			isa = PBXGroup;
			children = (
				3D4B351E742A46E3ACB1C502 /* DashboardView.swift */,
				A804C197EA20AA055E6C6A25 /* DesignCard.swift */,
				3F69E6D0BD0F846C9533DD00 /* FolderBar.swift */,
				4372436BD052ED973663401A /* ShareView.swift */,
				F032070DA90B86CDE70B95A8 /* StatsHeader.swift */,
				9AB0144689768360670F6378 /* TemplatePicker.swift */,
				80455F1B6F53EF7A415378E5 /* VersionHistoryView.swift */,
			);
			path = Dashboard;
			sourceTree = "<group>";
		};
		DC7B13F11DB00A5C77E0FBBB /* FoldFormTests */ = {
			isa = PBXGroup;
			children = (
				D1C87AC268714C46DED83EB8 /* AppleModelInterpreterTests.swift */,
				C213F6830298041E2ABD5A6B /* AppleSpeechResultRouterTests.swift */,
				572BFC21F07DE25C8C02304A /* BendDeformerTests.swift */,
				382CB0E78FEE6A0529126C88 /* CADActionExecutorTests.swift */,
				0A0AF2F11D863986A63629C8 /* CADSequenceTests.swift */,
				CCC8E3820E2BCCFD2E3B9EDC /* CameraRigAndHingeTests.swift */,
				6556908717F0E4B6C7921981 /* CollaborationTests.swift */,
				B409AEF245FC877C66942CBA /* DesignLibraryTests.swift */,
				8C3FF4EB14F91F6CC2070011 /* DesignLoadTests.swift */,
				13A0DA675798F3CC8564AAA8 /* DesignModelsTests.swift */,
				285AD26BE3A1F7A1CA6A6F45 /* DesignSessionTests.swift */,
				CE16028595462B6BC460B339 /* DesignStoreTests.swift */,
				C53BBB6E8D187D032E875107 /* DocumentResetTests.swift */,
				3512F63241D2A4551329FC14 /* FeatureRegenerationTests.swift */,
				E37E439C500594DF81932CFF /* FoldSessionTests.swift */,
				7C90E7879A08E3659B121147 /* GeometryKernelTests.swift */,
				1315EFFFE2AB8CF3985EA1FF /* HardcodedImagineGeneratorTests.swift */,
				7696007ADD4A4D8DD6154E0A /* ImagineDictationTests.swift */,
				B78CE167E8F01E26BB81FCB1 /* ImaginePromptDraftTests.swift */,
				499EA0F19D629D9D23A5384E /* ImagineSessionTests.swift */,
				99CEB104DB12BE915CD95C26 /* ImagineTests.swift */,
				00AE4B73CD5026345BF87AC1 /* LeftToolbarLayoutTests.swift */,
				BF63D94AEFCDDDB34C73EE4E /* MeshBlobTests.swift */,
				4C3F9B13A8DFFCD776E4D7A6 /* MeshCSGTests.swift */,
				C9BD38E7D8E1EF452AD9AA8C /* ModelExporterTests.swift */,
				D1FAA606A9777E7791CC2D50 /* OpenAIImagineClientTests.swift */,
				D04A21ECEB91DA8311167418 /* QuantityTests.swift */,
				D4F11F5B1C567212259B8CFD /* ReferenceSceneTests.swift */,
				26E1A7499496482934721836 /* RuleBasedInterpreterTests.swift */,
				1703E8F1B6E734C00AF09EB6 /* SelectionFilletTests.swift */,
				83A3735345B6B4E3A4DF778A /* SheetMetalCalculatorTests.swift */,
				57D7BE9FACB246F74C488B14 /* SketchDrawingTests.swift */,
				6DA351278A6F987EE5CB705B /* SketchTests.swift */,
				96C5BB5F8D24612CE6D74856 /* SubscriptionTests.swift */,
				5D9B4417D7971BD1E50406C7 /* ThumbnailRendererTests.swift */,
				4495F96F925962683A5A32CB /* ToolCatalogTests.swift */,
				95DC9C78BD34694F04981823 /* TouchUpTests.swift */,
				6A90A48628FDC5912E4EB357 /* VersionTests.swift */,
				253BCBDF97CA016910E804A1 /* ViewportTransactionTests.swift */,
				7B7A72ED8F333A666387DD8D /* VoiceCommandSessionTests.swift */,
			);
			path = FoldFormTests;
			sourceTree = "<group>";
		};
		EDFE6BCE64BC4300130824C4 /* FoldFormUITests */ = {
			isa = PBXGroup;
			children = (
				3ECE6955E309CC36AFF40563 /* GestureUITests.swift */,
			);
			path = FoldFormUITests;
			sourceTree = "<group>";
		};
		F844B8B4C17C23C4833B33D4 = {
			isa = PBXGroup;
			children = (
				298572B344C6FF140B4F5150 /* FoldForm */,
				DC7B13F11DB00A5C77E0FBBB /* FoldFormTests */,
				EDFE6BCE64BC4300130824C4 /* FoldFormUITests */,
				05FBF41728BE242B507D08FC /* Products */,
			);
			sourceTree = "<group>";
		};
/* End PBXGroup section */

/* Begin PBXNativeTarget section */
		21AA4EBC3E5CCD7F8B2FE764 /* FoldFormTests */ = {
			isa = PBXNativeTarget;
			buildConfigurationList = 13D95320AC90F646AA42D9EC /* Build configuration list for PBXNativeTarget "FoldFormTests" */;
			buildPhases = (
				0FEFE6C30A02ADAD5EE3146B /* Sources */,
			);
			buildRules = (
			);
			dependencies = (
				41DD08C7E819D9DB719C6D81 /* PBXTargetDependency */,
			);
			name = FoldFormTests;
			packageProductDependencies = (
			);
			productName = FoldFormTests;
			productReference = C2A11921E41C4739596BBAF5 /* FoldFormTests.xctest */;
			productType = "com.apple.product-type.bundle.unit-test";
		};
		4CFB7D3E2A62ECA3D7B0D6D2 /* FoldForm */ = {
			isa = PBXNativeTarget;
			buildConfigurationList = 5C12692C4E07CE22D7E36559 /* Build configuration list for PBXNativeTarget "FoldForm" */;
			buildPhases = (
				CB367DBDB7F1906AC0C7B7B2 /* Sources */,
				F39E16402D057AC2738B086B /* Resources */,
				DFC580D75ABA5B2F258E182A /* Frameworks */,
			);
			buildRules = (
			);
			dependencies = (
			);
			name = FoldForm;
			packageProductDependencies = (
				16E2DF99C1FF72F99AB01576 /* RevenueCat */,
			);
			productName = FoldForm;
			productReference = 6FB85706C2A54D3E52F8855F /* FoldForm.app */;
			productType = "com.apple.product-type.application";
		};
		9B7F1AB80FE4328B88BFA4D1 /* FoldFormUITests */ = {
			isa = PBXNativeTarget;
			buildConfigurationList = CAC80388829055DF1EC2E92B /* Build configuration list for PBXNativeTarget "FoldFormUITests" */;
			buildPhases = (
				6075AF318B387E2E0B7F7136 /* Sources */,
			);
			buildRules = (
			);
			dependencies = (
				01C6F0241CC9991FE8575440 /* PBXTargetDependency */,
			);
			name = FoldFormUITests;
			packageProductDependencies = (
			);
			productName = FoldFormUITests;
			productReference = 49167D9BC1D6861A8F98D368 /* FoldFormUITests.xctest */;
			productType = "com.apple.product-type.bundle.ui-testing";
		};
/* End PBXNativeTarget section */

/* Begin PBXProject section */
		DA3492FC5FA57FFFCFC14D9F /* Project object */ = {
			isa = PBXProject;
			attributes = {
				BuildIndependentTargetsInParallel = YES;
				LastUpgradeCheck = 1430;
				TargetAttributes = {
					21AA4EBC3E5CCD7F8B2FE764 = {
						ProvisioningStyle = Automatic;
					};
					4CFB7D3E2A62ECA3D7B0D6D2 = {
						DevelopmentTeam = "";
						ProvisioningStyle = Automatic;
					};
					9B7F1AB80FE4328B88BFA4D1 = {
						ProvisioningStyle = Automatic;
						TestTargetID = 4CFB7D3E2A62ECA3D7B0D6D2;
					};
				};
			};
			buildConfigurationList = 59F73B4F403E18A33035D93F /* Build configuration list for PBXProject "FoldForm" */;
			developmentRegion = en;
			hasScannedForEncodings = 0;
			knownRegions = (
				Base,
				en,
			);
			mainGroup = F844B8B4C17C23C4833B33D4;
			minimizedProjectReferenceProxies = 1;
			packageReferences = (
				31F74ECF0B8E64245CBF5FD1 /* XCRemoteSwiftPackageReference "purchases-ios-spm" */,
			);
			preferredProjectObjectVersion = 77;
			productRefGroup = 05FBF41728BE242B507D08FC /* Products */;
			projectDirPath = "";
			projectRoot = "";
			targets = (
				4CFB7D3E2A62ECA3D7B0D6D2 /* FoldForm */,
				21AA4EBC3E5CCD7F8B2FE764 /* FoldFormTests */,
				9B7F1AB80FE4328B88BFA4D1 /* FoldFormUITests */,
			);
		};
/* End PBXProject section */

/* Begin PBXResourcesBuildPhase section */
		F39E16402D057AC2738B086B /* Resources */ = {
			isa = PBXResourcesBuildPhase;
			buildActionMask = 2147483647;
			files = (
				9F2460A17D63230384DF41D0 /* Assets.xcassets in Resources */,
			);
			runOnlyForDeploymentPostprocessing = 0;
		};
/* End PBXResourcesBuildPhase section */

/* Begin PBXSourcesBuildPhase section */
		0FEFE6C30A02ADAD5EE3146B /* Sources */ = {
			isa = PBXSourcesBuildPhase;
			buildActionMask = 2147483647;
			files = (
				12DA54ECF80FD8C95568FF43 /* AppleModelInterpreterTests.swift in Sources */,
				E9EF72CCA84125DAEDAB78AB /* AppleSpeechResultRouterTests.swift in Sources */,
				A085A26BCAC1E2F7460616EC /* BendDeformerTests.swift in Sources */,
				43D5CE1779B2CF9E7291D403 /* CADActionExecutorTests.swift in Sources */,
				7493FE8C67AB46E256297E7E /* CADSequenceTests.swift in Sources */,
				0584325307549272B02E62A5 /* CameraRigAndHingeTests.swift in Sources */,
				CA4409B789C8B605A4608430 /* CollaborationTests.swift in Sources */,
				43DC001C0838ACE298D60225 /* DesignLibraryTests.swift in Sources */,
				635DB44B2EA8838AF0ECE072 /* DesignLoadTests.swift in Sources */,
				D525CE1582CB5151182D67EE /* DesignModelsTests.swift in Sources */,
				3D18F40FB17343C77DE62C42 /* DesignSessionTests.swift in Sources */,
				D2658D4D0D07F16D8D8E0A9C /* DesignStoreTests.swift in Sources */,
				3EF735B33553FCC3452424F0 /* DocumentResetTests.swift in Sources */,
				742B37EABF98B07FE14E9459 /* FeatureRegenerationTests.swift in Sources */,
				E5D655D5D117E893E37CB5CC /* FoldSessionTests.swift in Sources */,
				3A3CECF032AD07A0B0075CBC /* GeometryKernelTests.swift in Sources */,
				52D954554FACA560B6A51456 /* HardcodedImagineGeneratorTests.swift in Sources */,
				8CC4A1A81A3FCC95B71BE874 /* ImagineDictationTests.swift in Sources */,
				E0A5C8B9ECD7BA9131CECB1E /* ImaginePromptDraftTests.swift in Sources */,
				3444C1A7484E5C4859BA4C19 /* ImagineSessionTests.swift in Sources */,
				6D1502011463B5D30B0906E5 /* ImagineTests.swift in Sources */,
				97573B3DB73A913E9092AA11 /* LeftToolbarLayoutTests.swift in Sources */,
				A59514D614E906CF82200604 /* MeshBlobTests.swift in Sources */,
				FA50C7EC75E8C09A1890E8E0 /* MeshCSGTests.swift in Sources */,
				516F015FE4EC1F19CFDF7739 /* ModelExporterTests.swift in Sources */,
				7A92F3786AAA3169EFBFD611 /* OpenAIImagineClientTests.swift in Sources */,
				4BA77F4006CA53DFBAB78711 /* QuantityTests.swift in Sources */,
				2BEC80F58307FAE3793AEA00 /* ReferenceSceneTests.swift in Sources */,
				F6365A2947E60B0DE363AE7C /* RuleBasedInterpreterTests.swift in Sources */,
				837A0B9D3AAE40F36C93D23F /* SelectionFilletTests.swift in Sources */,
				3CBCB1622BE1A57790EA48F6 /* SheetMetalCalculatorTests.swift in Sources */,
				893F0A1405AB8789FBCD8B2B /* SketchDrawingTests.swift in Sources */,
				2B88F85BB1C4E7AD7EE2F2FF /* SketchTests.swift in Sources */,
				6A81435FA99975CC9A077116 /* SubscriptionTests.swift in Sources */,
				8A5ABB2948951943696F4DA0 /* ThumbnailRendererTests.swift in Sources */,
				4EC79EF1CCCA6F7E26BFB173 /* ToolCatalogTests.swift in Sources */,
				1C6F7936877E7495B5DC6F77 /* TouchUpTests.swift in Sources */,
				6AEC4F2A712C3A1EE4E5EFF5 /* VersionTests.swift in Sources */,
				2523FE0160C60CA19E1AEA47 /* ViewportTransactionTests.swift in Sources */,
				58E958DC1A28A64A4BAC9C2F /* VoiceCommandSessionTests.swift in Sources */,
			);
			runOnlyForDeploymentPostprocessing = 0;
		};
		6075AF318B387E2E0B7F7136 /* Sources */ = {
			isa = PBXSourcesBuildPhase;
			buildActionMask = 2147483647;
			files = (
				1D63D21E487546BD0DA0D963 /* GestureUITests.swift in Sources */,
			);
			runOnlyForDeploymentPostprocessing = 0;
		};
		CB367DBDB7F1906AC0C7B7B2 /* Sources */ = {
			isa = PBXSourcesBuildPhase;
			buildActionMask = 2147483647;
			files = (
				6D404EDABCB35F9104A831B6 /* AccountView.swift in Sources */,
				54366E567C2211F6945E6084 /* AppModel.swift in Sources */,
				B6AC1898603415138FB0E509 /* AppleDictationSpeechService.swift in Sources */,
				1467ABDFBA96815E036A7EC9 /* AppleModelInterpreter.swift in Sources */,
				6FCB1B8607E6FC2F239617A0 /* AppleSpeechResultRouter.swift in Sources */,
				89A18CAE9F69F5A39C8D7471 /* BendDeformer.swift in Sources */,
				F3AB27C92F136B6A11CE1DBF /* CADAction.swift in Sources */,
				DE1B2A5CA5B699ADB6F4E494 /* CADActionExecutor.swift in Sources */,
				B8A8F96F8207C786BF307F8A /* CADDocument.swift in Sources */,
				3260259E100013507ED6DE2F /* CameraRig.swift in Sources */,
				B4F7D52E54514353FA2BB20A /* CollaborationService.swift in Sources */,
				10B2D951FDAAA18FF7C7AB4E /* CollisionManager.swift in Sources */,
				A956D424C82A26D0898C99FE /* CommandInterpreter.swift in Sources */,
				62A2E70A047AE6ACD0376653 /* ControlPanelView.swift in Sources */,
				F7368937CB2CD4D8311E1698 /* DashboardView.swift in Sources */,
				2FFCE0891AC2ECF18376B02E /* DemoCoordinator.swift in Sources */,
				76739142A255811E76F08F31 /* DesignCard.swift in Sources */,
				173BAC6042C189CABB6F8DA2 /* DesignFinish.swift in Sources */,
				10012E4376719BBB09246B2E /* DesignIntent.swift in Sources */,
				51C7DA08E305C37B1EC8E4C5 /* DesignLibrary.swift in Sources */,
				6E8BA45D3889850E49838405 /* DesignModels.swift in Sources */,
				98414A3DBEE09F5FB5A39E1D /* DesignRegularizer.swift in Sources */,
				FDE0C5E06C04760E3B20C341 /* DesignScene.swift in Sources */,
				0791D52D925D519BE66EC83B /* DesignSession.swift in Sources */,
				7075D96508B77071E936552E /* DesignStore.swift in Sources */,
				F7D16EBB5E4AFC66FB5B97B0 /* Dimensions.swift in Sources */,
				0171F6C5081C2EECB7F908EB /* EntitlementStore.swift in Sources */,
				1313F7CDDC77313F3F1B795E /* FeatureGraph.swift in Sources */,
				752DA593F27CA61966EB20F8 /* FeatureOperations.swift in Sources */,
				A5D8AF6380BFD5A65CF8068F /* FeatureTreeView.swift in Sources */,
				C960BE1F044251EE52FFBD32 /* FlatPatternView.swift in Sources */,
				0A47D9F95735ADC015E9C8C4 /* FoldFormApp.swift in Sources */,
				D926E833136D7463A81C7C67 /* FoldSession.swift in Sources */,
				817B32530C476158FF099E62 /* FolderBar.swift in Sources */,
				1A37A6EE4F2A1AEEE3D83E88 /* GeometryBuilder.swift in Sources */,
				8D092F7382A80597BC59ED04 /* GeometryKernel.swift in Sources */,
				DC2D72EB0B01D2706D7AFC37 /* GeometryTypes.swift in Sources */,
				91DA622FC6419B6112D42258 /* HapticManager.swift in Sources */,
				A5AC1EC87A0030A0D46A80F7 /* HardcodedImagineGenerator.swift in Sources */,
				F2FF14898A70DC54E0C35AFD /* HingeInputManager.swift in Sources */,
				BC6E2BE1BF6A33C5F939BBD3 /* HolePattern.swift in Sources */,
				D6F3505720B40D46DD013083 /* ImagineDictation.swift in Sources */,
				C2D7244127859FF5B439CEE3 /* ImaginePlan.swift in Sources */,
				753F3747A815ABEA66AFB750 /* ImaginePlanValidator.swift in Sources */,
				245AA115F2AFE9D516F074A7 /* ImaginePromptDraft.swift in Sources */,
				03AAF19030DEBB55B9F2E5DC /* ImagineRequest.swift in Sources */,
				9A9B3AED509C07A130CC34AA /* ImagineSession.swift in Sources */,
				C8B61F957B9EBF36E1DBB5B7 /* ImagineUsageLimiter.swift in Sources */,
				E8DDB7C7A8D4FE51B9E0E564 /* ImagineView.swift in Sources */,
				38CD4321EF46AFCA4C2190B5 /* KeychainStore.swift in Sources */,
				A40E7DD8612878E5972CD114 /* LeftToolbarLayout.swift in Sources */,
				B7BAEF205DAFE3FC15321C32 /* LeftToolbarView.swift in Sources */,
				4573A0AFB3C2B0100E7E125C /* MeshBlob.swift in Sources */,
				33A25B14E5B897D390218D47 /* MeshCSG.swift in Sources */,
				7CD7D52C471761F8387E0EC0 /* MeshFeatureSelection.swift in Sources */,
				86762E11B22614CD8DC1F7E7 /* MeshFillet.swift in Sources */,
				20CFD45F020FE1B6C64217F5 /* MeshOps.swift in Sources */,
				D094574A4551184C2C321FB4 /* MeshTouchUp.swift in Sources */,
				B913DC165160CC28FEEC3686 /* MeshTransforms.swift in Sources */,
				61AC6ADEFD123AC3A8D270A2 /* ModelExporter.swift in Sources */,
				DCA0E7D6514AF71C23EBCF44 /* ModelingToolbarView.swift in Sources */,
				3D665B13E5E6672BCF473C1D /* OpenAIImagineClient.swift in Sources */,
				95DFD4BAE405B31EC8A675E2 /* ParameterEditorView.swift in Sources */,
				CCB3BA3723A0F27E7EE452F0 /* PartProfile.swift in Sources */,
				930386A8A9A54FA7557DF387 /* PartStudio.swift in Sources */,
				BFB71D225F6963B040D6AB4C /* PartStyle.swift in Sources */,
				1619FDC116B19CA97BCACD44 /* PolygonBridge.swift in Sources */,
				D34554852CA35F1ABF2C1E00 /* Quantity.swift in Sources */,
				2F55F0051C6B1E16F98CF7ED /* RealityViewport.swift in Sources */,
				3A47DA894DC6C6D6C217D68C /* ReferenceGeometry.swift in Sources */,
				A7877C79B0F86A009433715A /* ReferenceScene.swift in Sources */,
				CB9C1E0B1E5E9D141A9A627D /* RevenueCatSubscriptionService.swift in Sources */,
				E49013E9C69D8A00E2EF5457 /* RuleBasedInterpreter.swift in Sources */,
				C618924916C66288B333966E /* SelectionManager.swift in Sources */,
				353ABED2DD1E8FE191FD3A09 /* ShapeAnalysis.swift in Sources */,
				739B066684DACA7A6F424AC5 /* ShareView.swift in Sources */,
				4BB494430A144D0CC9F72DAA /* SheetMetalCalculator.swift in Sources */,
				9FE8028745472AC9D6AA9DB8 /* SketchCanvas.swift in Sources */,
				CDB86C6044CB48D4C52CD7EE /* SketchController.swift in Sources */,
				286BAAF8AF5C09D79CA366C9 /* SketchDrawing.swift in Sources */,
				BF4469BF8962BA94C816E079 /* SketchEditorView.swift in Sources */,
				785D745B15B2DBDB7AA6E8CA /* SketchModel.swift in Sources */,
				691B208138019081AF1BA365 /* SketchOverlayViews.swift in Sources */,
				1BD899928939CF74703C063C /* SpeechService.swift in Sources */,
				B7D88D8C5582996B70A570A6 /* StatsHeader.swift in Sources */,
				FE31A3C925C685A970DD6126 /* SubscriptionConfiguration.swift in Sources */,
				E49B00CEED9459C28603DEF5 /* SubscriptionContext.swift in Sources */,
				DA246442492F7238152E2BDA /* SubscriptionService.swift in Sources */,
				140083B06235DAC138DAAEC4 /* TemplatePicker.swift in Sources */,
				53B932EE0DAF388C927D268A /* ThumbnailRenderer.swift in Sources */,
				72959C1D9AB9DFBCB71EF748 /* ToolCatalog.swift in Sources */,
				12AAE7D2EB65E929F0EE56C2 /* TouchUp.swift in Sources */,
				ACE17873B611F30B1B12563C /* UndoRedoManager.swift in Sources */,
				B072D7FA6041D9C95B6543E0 /* UpgradeView.swift in Sources */,
				B9F3C04654EFC4418CA7F28A /* UpgradeViewModel.swift in Sources */,
				BB47893D6623EBBC2A9A0D19 /* VersionHistoryView.swift in Sources */,
				13D01C762EDF41CDF7109CB2 /* ViewCubeView.swift in Sources */,
				9135A3D8FB1C1A04493C1747 /* ViewportGestureView.swift in Sources */,
				88144672E156557F4F4CE534 /* VoiceCaptionView.swift in Sources */,
				9D21D349483A09F0D6365E51 /* VoiceCommandSession.swift in Sources */,
			);
			runOnlyForDeploymentPostprocessing = 0;
		};
/* End PBXSourcesBuildPhase section */

/* Begin PBXTargetDependency section */
		01C6F0241CC9991FE8575440 /* PBXTargetDependency */ = {
			isa = PBXTargetDependency;
			target = 4CFB7D3E2A62ECA3D7B0D6D2 /* FoldForm */;
			targetProxy = EFCBD6F82CD958576B9FDAC7 /* PBXContainerItemProxy */;
		};
		41DD08C7E819D9DB719C6D81 /* PBXTargetDependency */ = {
			isa = PBXTargetDependency;
			target = 4CFB7D3E2A62ECA3D7B0D6D2 /* FoldForm */;
			targetProxy = DC90FE2EBBB09D5B364FA0E4 /* PBXContainerItemProxy */;
		};
/* End PBXTargetDependency section */

/* Begin XCBuildConfiguration section */
		1E3A30EA5C4B4570562201D1 /* Debug */ = {
			isa = XCBuildConfiguration;
			buildSettings = {
				ALWAYS_SEARCH_USER_PATHS = NO;
				CLANG_ANALYZER_NONNULL = YES;
				CLANG_ANALYZER_NUMBER_OBJECT_CONVERSION = YES_AGGRESSIVE;
				CLANG_CXX_LANGUAGE_STANDARD = "gnu++14";
				CLANG_CXX_LIBRARY = "libc++";
				CLANG_ENABLE_MODULES = YES;
				CLANG_ENABLE_OBJC_ARC = YES;
				CLANG_ENABLE_OBJC_WEAK = YES;
				CLANG_WARN_BLOCK_CAPTURE_AUTORELEASING = YES;
				CLANG_WARN_BOOL_CONVERSION = YES;
				CLANG_WARN_COMMA = YES;
				CLANG_WARN_CONSTANT_CONVERSION = YES;
				CLANG_WARN_DEPRECATED_OBJC_IMPLEMENTATIONS = YES;
				CLANG_WARN_DIRECT_OBJC_ISA_USAGE = YES_ERROR;
				CLANG_WARN_DOCUMENTATION_COMMENTS = YES;
				CLANG_WARN_EMPTY_BODY = YES;
				CLANG_WARN_ENUM_CONVERSION = YES;
				CLANG_WARN_INFINITE_RECURSION = YES;
				CLANG_WARN_INT_CONVERSION = YES;
				CLANG_WARN_NON_LITERAL_NULL_CONVERSION = YES;
				CLANG_WARN_OBJC_IMPLICIT_RETAIN_SELF = YES;
				CLANG_WARN_OBJC_LITERAL_CONVERSION = YES;
				CLANG_WARN_OBJC_ROOT_CLASS = YES_ERROR;
				CLANG_WARN_QUOTED_INCLUDE_IN_FRAMEWORK_HEADER = YES;
				CLANG_WARN_RANGE_LOOP_ANALYSIS = YES;
				CLANG_WARN_STRICT_PROTOTYPES = YES;
				CLANG_WARN_SUSPICIOUS_MOVE = YES;
				CLANG_WARN_UNGUARDED_AVAILABILITY = YES_AGGRESSIVE;
				CLANG_WARN_UNREACHABLE_CODE = YES;
				CLANG_WARN__DUPLICATE_METHOD_MATCH = YES;
				COPY_PHASE_STRIP = NO;
				DEBUG_INFORMATION_FORMAT = dwarf;
				ENABLE_STRICT_OBJC_MSGSEND = YES;
				ENABLE_TESTABILITY = YES;
				GCC_C_LANGUAGE_STANDARD = gnu11;
				GCC_DYNAMIC_NO_PIC = NO;
				GCC_NO_COMMON_BLOCKS = YES;
				GCC_OPTIMIZATION_LEVEL = 0;
				GCC_PREPROCESSOR_DEFINITIONS = (
					"$(inherited)",
					"DEBUG=1",
				);
				GCC_WARN_64_TO_32_BIT_CONVERSION = YES;
				GCC_WARN_ABOUT_RETURN_TYPE = YES_ERROR;
				GCC_WARN_UNDECLARED_SELECTOR = YES;
				GCC_WARN_UNINITIALIZED_AUTOS = YES_AGGRESSIVE;
				GCC_WARN_UNUSED_FUNCTION = YES;
				GCC_WARN_UNUSED_VARIABLE = YES;
				IPHONEOS_DEPLOYMENT_TARGET = 27.1;
				MTL_ENABLE_DEBUG_INFO = INCLUDE_SOURCE;
				MTL_FAST_MATH = YES;
				ONLY_ACTIVE_ARCH = YES;
				PRODUCT_NAME = "$(TARGET_NAME)";
				SDKROOT = iphoneos;
				SWIFT_ACTIVE_COMPILATION_CONDITIONS = DEBUG;
				SWIFT_OPTIMIZATION_LEVEL = "-Onone";
				SWIFT_VERSION = 6.0;
			};
			name = Debug;
		};
		55DF64F69FE93472A3F88918 /* Debug */ = {
			isa = XCBuildConfiguration;
			buildSettings = {
				BUNDLE_LOADER = "$(TEST_HOST)";
				CODE_SIGN_STYLE = Automatic;
				GENERATE_INFOPLIST_FILE = YES;
				LD_RUNPATH_SEARCH_PATHS = (
					"$(inherited)",
					"@executable_path/Frameworks",
					"@loader_path/Frameworks",
				);
				PRODUCT_BUNDLE_IDENTIFIER = com.ishaanashok.FoldFormTests;
				SDKROOT = iphoneos;
				TARGETED_DEVICE_FAMILY = "1,2";
				TEST_HOST = "$(BUILT_PRODUCTS_DIR)/FoldForm.app/FoldForm";
			};
			name = Debug;
		};
		5D2E2991694DE9C0F5E6617B /* Release */ = {
			isa = XCBuildConfiguration;
			buildSettings = {
				BUNDLE_LOADER = "$(TEST_HOST)";
				CODE_SIGN_STYLE = Automatic;
				GENERATE_INFOPLIST_FILE = YES;
				LD_RUNPATH_SEARCH_PATHS = (
					"$(inherited)",
					"@executable_path/Frameworks",
					"@loader_path/Frameworks",
				);
				PRODUCT_BUNDLE_IDENTIFIER = com.ishaanashok.FoldFormUITests;
				SDKROOT = iphoneos;
				TARGETED_DEVICE_FAMILY = "1,2";
				TEST_TARGET_NAME = FoldForm;
			};
			name = Release;
		};
		7DF68CFC2A208C87CE02DB10 /* Debug */ = {
			isa = XCBuildConfiguration;
			buildSettings = {
				ASSETCATALOG_COMPILER_APPICON_NAME = AppIcon;
				ASSETCATALOG_COMPILER_GLOBAL_ACCENT_COLOR_NAME = AccentColor;
				CODE_SIGN_IDENTITY = "iPhone Developer";
				CODE_SIGN_STYLE = Automatic;
				DEVELOPMENT_TEAM = "";
				GENERATE_INFOPLIST_FILE = YES;
				INFOPLIST_KEY_CFBundleDisplayName = foldformvoice;
				INFOPLIST_KEY_NSMicrophoneUsageDescription = "FoldForm listens while you use voice control, to turn what you say into design commands. Audio stays on this device.";
				INFOPLIST_KEY_NSSpeechRecognitionUsageDescription = "FoldForm transcribes spoken design commands on this device.";
				INFOPLIST_KEY_UILaunchScreen_Generation = YES;
				INFOPLIST_KEY_UISupportedInterfaceOrientations = UIInterfaceOrientationPortrait;
				LD_RUNPATH_SEARCH_PATHS = (
					"$(inherited)",
					"@executable_path/Frameworks",
				);
				PRODUCT_BUNDLE_IDENTIFIER = com.ishaanashok.FoldForm;
				SDKROOT = iphoneos;
				TARGETED_DEVICE_FAMILY = 1;
			};
			name = Debug;
		};
		9474CA39D68812AD6075BCCC /* Release */ = {
			isa = XCBuildConfiguration;
			buildSettings = {
				BUNDLE_LOADER = "$(TEST_HOST)";
				CODE_SIGN_STYLE = Automatic;
				GENERATE_INFOPLIST_FILE = YES;
				LD_RUNPATH_SEARCH_PATHS = (
					"$(inherited)",
					"@executable_path/Frameworks",
					"@loader_path/Frameworks",
				);
				PRODUCT_BUNDLE_IDENTIFIER = com.ishaanashok.FoldFormTests;
				SDKROOT = iphoneos;
				TARGETED_DEVICE_FAMILY = "1,2";
				TEST_HOST = "$(BUILT_PRODUCTS_DIR)/FoldForm.app/FoldForm";
			};
			name = Release;
		};
		AD802727EACA254DC0845EF4 /* Release */ = {
			isa = XCBuildConfiguration;
			buildSettings = {
				ASSETCATALOG_COMPILER_APPICON_NAME = AppIcon;
				ASSETCATALOG_COMPILER_GLOBAL_ACCENT_COLOR_NAME = AccentColor;
				CODE_SIGN_IDENTITY = "iPhone Developer";
				CODE_SIGN_STYLE = Automatic;
				DEVELOPMENT_TEAM = "";
				GENERATE_INFOPLIST_FILE = YES;
				INFOPLIST_KEY_CFBundleDisplayName = foldformvoice;
				INFOPLIST_KEY_NSMicrophoneUsageDescription = "FoldForm listens while you use voice control, to turn what you say into design commands. Audio stays on this device.";
				INFOPLIST_KEY_NSSpeechRecognitionUsageDescription = "FoldForm transcribes spoken design commands on this device.";
				INFOPLIST_KEY_UILaunchScreen_Generation = YES;
				INFOPLIST_KEY_UISupportedInterfaceOrientations = UIInterfaceOrientationPortrait;
				LD_RUNPATH_SEARCH_PATHS = (
					"$(inherited)",
					"@executable_path/Frameworks",
				);
				PRODUCT_BUNDLE_IDENTIFIER = com.ishaanashok.FoldForm;
				SDKROOT = iphoneos;
				TARGETED_DEVICE_FAMILY = 1;
			};
			name = Release;
		};
		BAAA308B7B8897F6FC202A59 /* Release */ = {
			isa = XCBuildConfiguration;
			buildSettings = {
				ALWAYS_SEARCH_USER_PATHS = NO;
				CLANG_ANALYZER_NONNULL = YES;
				CLANG_ANALYZER_NUMBER_OBJECT_CONVERSION = YES_AGGRESSIVE;
				CLANG_CXX_LANGUAGE_STANDARD = "gnu++14";
				CLANG_CXX_LIBRARY = "libc++";
				CLANG_ENABLE_MODULES = YES;
				CLANG_ENABLE_OBJC_ARC = YES;
				CLANG_ENABLE_OBJC_WEAK = YES;
				CLANG_WARN_BLOCK_CAPTURE_AUTORELEASING = YES;
				CLANG_WARN_BOOL_CONVERSION = YES;
				CLANG_WARN_COMMA = YES;
				CLANG_WARN_CONSTANT_CONVERSION = YES;
				CLANG_WARN_DEPRECATED_OBJC_IMPLEMENTATIONS = YES;
				CLANG_WARN_DIRECT_OBJC_ISA_USAGE = YES_ERROR;
				CLANG_WARN_DOCUMENTATION_COMMENTS = YES;
				CLANG_WARN_EMPTY_BODY = YES;
				CLANG_WARN_ENUM_CONVERSION = YES;
				CLANG_WARN_INFINITE_RECURSION = YES;
				CLANG_WARN_INT_CONVERSION = YES;
				CLANG_WARN_NON_LITERAL_NULL_CONVERSION = YES;
				CLANG_WARN_OBJC_IMPLICIT_RETAIN_SELF = YES;
				CLANG_WARN_OBJC_LITERAL_CONVERSION = YES;
				CLANG_WARN_OBJC_ROOT_CLASS = YES_ERROR;
				CLANG_WARN_QUOTED_INCLUDE_IN_FRAMEWORK_HEADER = YES;
				CLANG_WARN_RANGE_LOOP_ANALYSIS = YES;
				CLANG_WARN_STRICT_PROTOTYPES = YES;
				CLANG_WARN_SUSPICIOUS_MOVE = YES;
				CLANG_WARN_UNGUARDED_AVAILABILITY = YES_AGGRESSIVE;
				CLANG_WARN_UNREACHABLE_CODE = YES;
				CLANG_WARN__DUPLICATE_METHOD_MATCH = YES;
				COPY_PHASE_STRIP = NO;
				DEBUG_INFORMATION_FORMAT = "dwarf-with-dsym";
				ENABLE_NS_ASSERTIONS = NO;
				ENABLE_STRICT_OBJC_MSGSEND = YES;
				GCC_C_LANGUAGE_STANDARD = gnu11;
				GCC_NO_COMMON_BLOCKS = YES;
				GCC_WARN_64_TO_32_BIT_CONVERSION = YES;
				GCC_WARN_ABOUT_RETURN_TYPE = YES_ERROR;
				GCC_WARN_UNDECLARED_SELECTOR = YES;
				GCC_WARN_UNINITIALIZED_AUTOS = YES_AGGRESSIVE;
				GCC_WARN_UNUSED_FUNCTION = YES;
				GCC_WARN_UNUSED_VARIABLE = YES;
				IPHONEOS_DEPLOYMENT_TARGET = 27.1;
				MTL_ENABLE_DEBUG_INFO = NO;
				MTL_FAST_MATH = YES;
				PRODUCT_NAME = "$(TARGET_NAME)";
				SDKROOT = iphoneos;
				SWIFT_COMPILATION_MODE = wholemodule;
				SWIFT_OPTIMIZATION_LEVEL = "-O";
				SWIFT_VERSION = 6.0;
			};
			name = Release;
		};
		D3F502728F308D5224BD8D50 /* Debug */ = {
			isa = XCBuildConfiguration;
			buildSettings = {
				BUNDLE_LOADER = "$(TEST_HOST)";
				CODE_SIGN_STYLE = Automatic;
				GENERATE_INFOPLIST_FILE = YES;
				LD_RUNPATH_SEARCH_PATHS = (
					"$(inherited)",
					"@executable_path/Frameworks",
					"@loader_path/Frameworks",
				);
				PRODUCT_BUNDLE_IDENTIFIER = com.ishaanashok.FoldFormUITests;
				SDKROOT = iphoneos;
				TARGETED_DEVICE_FAMILY = "1,2";
				TEST_TARGET_NAME = FoldForm;
			};
			name = Debug;
		};
/* End XCBuildConfiguration section */

/* Begin XCConfigurationList section */
		13D95320AC90F646AA42D9EC /* Build configuration list for PBXNativeTarget "FoldFormTests" */ = {
			isa = XCConfigurationList;
			buildConfigurations = (
				55DF64F69FE93472A3F88918 /* Debug */,
				9474CA39D68812AD6075BCCC /* Release */,
			);
			defaultConfigurationIsVisible = 0;
			defaultConfigurationName = Debug;
		};
		59F73B4F403E18A33035D93F /* Build configuration list for PBXProject "FoldForm" */ = {
			isa = XCConfigurationList;
			buildConfigurations = (
				1E3A30EA5C4B4570562201D1 /* Debug */,
				BAAA308B7B8897F6FC202A59 /* Release */,
			);
			defaultConfigurationIsVisible = 0;
			defaultConfigurationName = Debug;
		};
		5C12692C4E07CE22D7E36559 /* Build configuration list for PBXNativeTarget "FoldForm" */ = {
			isa = XCConfigurationList;
			buildConfigurations = (
				7DF68CFC2A208C87CE02DB10 /* Debug */,
				AD802727EACA254DC0845EF4 /* Release */,
			);
			defaultConfigurationIsVisible = 0;
			defaultConfigurationName = Debug;
		};
		CAC80388829055DF1EC2E92B /* Build configuration list for PBXNativeTarget "FoldFormUITests" */ = {
			isa = XCConfigurationList;
			buildConfigurations = (
				D3F502728F308D5224BD8D50 /* Debug */,
				5D2E2991694DE9C0F5E6617B /* Release */,
			);
			defaultConfigurationIsVisible = 0;
			defaultConfigurationName = Debug;
		};
/* End XCConfigurationList section */

/* Begin XCRemoteSwiftPackageReference section */
		31F74ECF0B8E64245CBF5FD1 /* XCRemoteSwiftPackageReference "purchases-ios-spm" */ = {
			isa = XCRemoteSwiftPackageReference;
			repositoryURL = "https://github.com/RevenueCat/purchases-ios-spm.git";
			requirement = {
				kind = upToNextMajorVersion;
				minimumVersion = 5.43.0;
			};
		};
/* End XCRemoteSwiftPackageReference section */

/* Begin XCSwiftPackageProductDependency section */
		16E2DF99C1FF72F99AB01576 /* RevenueCat */ = {
			isa = XCSwiftPackageProductDependency;
			package = 31F74ECF0B8E64245CBF5FD1 /* XCRemoteSwiftPackageReference "purchases-ios-spm" */;
			productName = RevenueCat;
		};
/* End XCSwiftPackageProductDependency section */
	};
	rootObject = DA3492FC5FA57FFFCFC14D9F /* Project object */;
}
